// !$*UTF8*$!
{
	archiveVersion = 1;
	classes = {
	};
	objectVersion = 63;
	objects = {

/* Begin PBXBuildFile section */
		67641D749BE1458BAD0C086B /* BusinessModels_Stub.swift in Sources */ = {isa = PBXBuildFile; fileRef = 2D1A654547DA49C8BCA9299D /* BusinessModels_Stub.swift */; };
		5E63AE9A31A045FA88777CEC /* BusinessModels.swift in Sources */ = {isa = PBXBuildFile; fileRef = 0DF368405FBD4B2BB0B5426B /* BusinessModels.swift */; };
		F890AACB0D254C97B759B424 /* ChallengeModels.swift in Sources */ = {isa = PBXBuildFile; fileRef = C4D0906BCC6040BAAE874A45 /* ChallengeModels.swift */; };
		0B3B447E00E9419B919AA7B1 /* OutcomeModels.swift in Sources */ = {isa = PBXBuildFile; fileRef = E29ECACEC31946F5B06633D8 /* OutcomeModels.swift */; };
		763CE9B8CCB548518B327072 /* JournalModels.swift in Sources */ = {isa = PBXBuildFile; fileRef = 2362F52FA9224DB9AC01A6C4 /* JournalModels.swift */; };
		AD73076B102147E6858F5150 /* SleepModels.swift in Sources */ = {isa = PBXBuildFile; fileRef = 6A12056662B645279AE8AC35 /* SleepModels.swift */; };
		1118A46459354B71879A2857 /* SoundscapeModels.swift in Sources */ = {isa = PBXBuildFile; fileRef = 9A961EFC27694A0E89BBC487 /* SoundscapeModels.swift */; };
		8D8F683DFB3F49B8A7044D89 /* AudioModels.swift in Sources */ = {isa = PBXBuildFile; fileRef = 4159F4A7F29F40968DCFC93B /* AudioModels.swift */; };
		AE66BF316F274E92A1110702 /* CouplesModels.swift in Sources */ = {isa = PBXBuildFile; fileRef = 76F5B366CAC042FE9AE2BFEB /* CouplesModels.swift */; };
		8BDBA0B63CB441CBB00FC69D /* HabitService.swift in Sources */ = {isa = PBXBuildFile; fileRef = 9F0B083FDC1B42DF90E78D83 /* HabitService.swift */; };
		9C7DB6DB95BA4C2E9710A49B /* HabitNotificationService.swift in Sources */ = {isa = PBXBuildFile; fileRef = 3527198A19094C1E93A0579E /* HabitNotificationService.swift */; };
		F4A72D9DA6644BF3B2464D80 /* HabitModels.swift in Sources */ = {isa = PBXBuildFile; fileRef = CC3AB998172E487CA9F8A22C /* HabitModels.swift */; };
		8794B91CD0FC4C369C6E113A /* RoutineModels.swift in Sources */ = {isa = PBXBuildFile; fileRef = 5C3A85A307FB42FDBCBE47D6 /* RoutineModels.swift */; };
		00EE7C42BC23C3C719CD3C9F /* AccessibilityHelpers.swift in Sources */ = {isa = PBXBuildFile; fileRef = 58AC3779493347E53EC5C762 /* AccessibilityHelpers.swift */; };
		023AD12FB40B4587B98E3EED /* VoiceServiceProtocol.swift in Sources */ = {isa = PBXBuildFile; fileRef = 60418A4AA355420291C65815 /* VoiceServiceProtocol.swift */; };
		10F822CF68E88F0D2C1ED0A1 /* HomeView.swift in Sources */ = {isa = PBXBuildFile; fileRef = 7CF8C702A16D26304471B516 /* HomeView.swift */; };
		140444289FD34973B997C863 /* FlowLayout.swift in Sources */ = {isa = PBXBuildFile; fileRef = CDF072AA2C6443C28F410FA9 /* FlowLayout.swift */; };
		1D9648B788FA1CE3F884D6C2 /* CrashReporter.swift in Sources */ = {isa = PBXBuildFile; fileRef = 979CA4C9C16981D7D441806F /* CrashReporter.swift */; };
		1DA666D60C73D3138CCD761A /* AchievementService.swift in Sources */ = {isa = PBXBuildFile; fileRef = 8BFEAFFBA5736CC9172A7564 /* AchievementService.swift */; };
		214F9CA89B7A0DA8EB602A1D /* AchievementsView.swift in Sources */ = {isa = PBXBuildFile; fileRef = 2CAC252F4CDB5E56CA6E5ACD /* AchievementsView.swift */; };
		33AFBC4DE3A74C26AE988F84 /* PersonalizationModels.swift in Sources */ = {isa = PBXBuildFile; fileRef = 26FCB1C4877346F08793DAE3 /* PersonalizationModels.swift */; };
		51469850038B79FAAEFEDE8B /* SignInView.swift in Sources */ = {isa = PBXBuildFile; fileRef = 696C905684F7F4ED064A764D /* SignInView.swift */; };
		53223098555D450BA1DB733E /* SentryReplayMasking.swift in Sources */ = {isa = PBXBuildFile; fileRef = CDBE266B4C294E2E9AEBD8BE /* SentryReplayMasking.swift */; };
		55CF492A8E8E31AFCDC97585 /* MoodHistoryView.swift in Sources */ = {isa = PBXBuildFile; fileRef = 02F723822B9E7EEAACBBD352 /* MoodHistoryView.swift */; };
		5D362D1C4FFEF0F20D86A0A5 /* SupabaseDataService.swift in Sources */ = {isa = PBXBuildFile; fileRef = 23DE3C97DDF9E4A0EFA80BA4 /* SupabaseDataService.swift */; };
		5EA99C5F974AED3B959DEDD9 /* SupabaseAuthService.swift in Sources */ = {isa = PBXBuildFile; fileRef = ED10F25735B44DA7D182528D /* SupabaseAuthService.swift */; };
		5F9209BCB7442D68F9FB9951 /* ProfileView.swift in Sources */ = {isa = PBXBuildFile; fileRef = 82200F5D3BA38777360CDF95 /* ProfileView.swift */; };
		61072C4F4C2CA090E0693617 /* ChatListView.swift in Sources */ = {isa = PBXBuildFile; fileRef = 0F23129ED1C5F32293E113DF /* ChatListView.swift */; };
		68D87E1C574A556BB7B8B4B2 /* Assets.xcassets in Resources */ = {isa = PBXBuildFile; fileRef = CFEC0910E4AFE443A36B1686 /* Assets.xcassets */; };
		6AB643243D2B2A4AB70C2BCE /* CirclesListView.swift in Sources */ = {isa = PBXBuildFile; fileRef = 5924F3CB5CA60B6DD68C1459 /* CirclesListView.swift */; };
		6D51EBCF88A04BF891E811BE /* VoiceAudioPlayback.swift in Sources */ = {isa = PBXBuildFile; fileRef = 03E223AF44DB41EF97780875 /* VoiceAudioPlayback.swift */; };
		72C7488CC7539553EDEBBD66 /* Analytics.swift in Sources */ = {isa = PBXBuildFile; fileRef = 61268AE19EEFC21688B5A4CE /* Analytics.swift */; };
		74C7A829F4C44BCBA697AB32 /* Services/PersonalizationService.swift in Sources */ = {isa = PBXBuildFile; fileRef = 93C47D8F62EA47E0B6701625 /* Services/PersonalizationService.swift */; };
		8351314356B11AB2DC04C248 /* Supabase in Frameworks */ = {isa = PBXBuildFile; productRef = 955787D5047932A68D162322 /* Supabase */; };
		83D90F02FE50458DBA069A15 /* VoiceAudioCapture.swift in Sources */ = {isa = PBXBuildFile; fileRef = 2C9EF470938C4B0BAA62606D /* VoiceAudioCapture.swift */; };
		87D1E2B75C3B225E6E8926BE /* GoogleSignIn in Frameworks */ = {isa = PBXBuildFile; productRef = FD60B14EB159EE48E6267895 /* GoogleSignIn */; };
		8C69FD3E61C57A289E462CF3 /* MindFriendAppUITestsLaunchTests.swift in Sources */ = {isa = PBXBuildFile; fileRef = 2B30540DE790CFD29EE26912 /* MindFriendAppUITestsLaunchTests.swift */; };
		8C6C4ADA8BE8C74CBCC1CF84 /* HabitNotificationServiceTests.swift in Sources */ = {isa = PBXBuildFile; fileRef = F0044C419B6FFF4E50FF0B15 /* HabitNotificationServiceTests.swift */; };
		8EDE2AFDFD48327004543A74 /* SupabaseClient.swift in Sources */ = {isa = PBXBuildFile; fileRef = 6DC17A0743ED071EF51DDFD8 /* SupabaseClient.swift */; };
		90FC15DD7E2DF30DF0129975 /* BillingService.swift in Sources */ = {isa = PBXBuildFile; fileRef = 86045B10D96665CD3C8170AD /* BillingService.swift */; };
		974C3C1CB34BA05D7803A6B1 /* MindFriendAppTests.swift in Sources */ = {isa = PBXBuildFile; fileRef = 39A519521BAC54826AC65757 /* MindFriendAppTests.swift */; };
		9AEE776A21837E570BA0273D /* Localizable.xcstrings in Resources */ = {isa = PBXBuildFile; fileRef = 9F596496EC3949C7D88BEA2A /* Localizable.xcstrings */; };
		A1B2C3D4E5F60718293A4B5C /* GrokVoiceService.swift in Sources */ = {isa = PBXBuildFile; fileRef = A1B2C3D4E5F60718293A4B5D /* GrokVoiceService.swift */; };
		A3EE341DBF3431675011E3EA /* AchievementModels.swift in Sources */ = {isa = PBXBuildFile; fileRef = 08C259709AD456D7F6E78980 /* AchievementModels.swift */; };
		A5474E6B7F8B0C254B58CF3F /* NotificationManager.swift in Sources */ = {isa = PBXBuildFile; fileRef = 11D48595D696D12CA48780AF /* NotificationManager.swift */; };
		A6F6023CE91C852CE142768D /* MindFriendAppUITests.swift in Sources */ = {isa = PBXBuildFile; fileRef = 6BE54CD60586499230BB363D /* MindFriendAppUITests.swift */; };
		A8F742E1B8DCA0D131BCADF6 /* RoutineTests.swift in Sources */ = {isa = PBXBuildFile; fileRef = 6AA54827926170103E4127E9 /* RoutineTests.swift */; };
		'ACSV02BC23C3C719CD3C9F' = {isa = PBXBuildFile; fileRef = ACSV02493347E53EC5C762; };
		'ACTSV01BC23C3C719CD3C9F' = {isa = PBXBuildFile; fileRef = ACTSV01493347E53EC5C762; };
		AF4311AD9FE9B5E6CE2FF67F /* MainTabView.swift in Sources */ = {isa = PBXBuildFile; fileRef = 87258741D4EE156264C73C1E /* MainTabView.swift */; };
		'AFBV02BC23C3C719CD3C9F' = {isa = PBXBuildFile; fileRef = AFBV02493347E53EC5C762; };
		'APPST01BC23C3C719CD3C9F' = {isa = PBXBuildFile; fileRef = APPST01493347E53EC5C762; };
		'ARTGV01BC23C3C719CD3C9F' = {isa = PBXBuildFile; fileRef = ARTGV01493347E53EC5C762; };
		'ASMD02BC23C3C719CD3C9F' = {isa = PBXBuildFile; fileRef = ASMD02493347E53EC5C762; };
		'ASVC02BC23C3C719CD3C9F' = {isa = PBXBuildFile; fileRef = ASVC02493347E53EC5C762; };
		'AUDLV02BC23C3C719CD3C9F' = {isa = PBXBuildFile; fileRef = AUDLV01493347E53EC5C762; };
		B1C2D3E4F5061728394A5B6C /* VoiceChatView.swift in Sources */ = {isa = PBXBuildFile; fileRef = B1C2D3E4F5061728394A5B6D /* VoiceChatView.swift */; };
		B2336477E0B7988469DAB14C /* OurApproachView.swift in Sources */ = {isa = PBXBuildFile; fileRef = C01FD89BD82D62E6FECE438B /* OurApproachView.swift */; };
		B40A43B423E72AA1F065EB77 /* PaywallView.swift in Sources */ = {isa = PBXBuildFile; fileRef = 5B5FF0F998DCDDD1C2D7DC06 /* PaywallView.swift */; };
		B91CF16BEA9D3E21EEEA7F23 /* ModelsTests.swift in Sources */ = {isa = PBXBuildFile; fileRef = B3AD861AAF4425ADED3B7DC1 /* ModelsTests.swift */; };
		'BADGV01BC23C3C719CD3C9F' = {isa = PBXBuildFile; fileRef = BADGV02493347E53EC5C762; };
		BB05FADB0C212D3022B64E51 /* QuestDetailView.swift in Sources */ = {isa = PBXBuildFile; fileRef = 56417E06D522B4D73DEA20E7 /* QuestDetailView.swift */; };
		'BIODV01BC23C3C719CD3C9F' = {isa = PBXBuildFile; fileRef = BIODV01493347E53EC5C762; };
		'BIOMD01BC23C3C719CD3C9F' = {isa = PBXBuildFile; fileRef = BIOMD01493347E53EC5C762; };
		'BIOSV01BC23C3C719CD3C9F' = {isa = PBXBuildFile; fileRef = BIOSV01493347E53EC5C762; };
		C1D2E3F405162738495A6B7C /* VoiceSettingsView.swift in Sources */ = {isa = PBXBuildFile; fileRef = C1D2E3F405162738495A6B7D /* VoiceSettingsView.swift */; };
		C3ABF18229E400C20B9AB78A /* Sentry in Frameworks */ = {isa = PBXBuildFile; productRef = 7A72FA6A11C7BA5D56CFD12A /* Sentry */; };
		C486D3A26A0E2ACEF2D481E3 /* ChatService.swift in Sources */ = {isa = PBXBuildFile; fileRef = 29B370B3E929A0284493AB83 /* ChatService.swift */; };
		C7DEAB17670F693A69D83D63 /* PrivacyInfo.xcprivacy in Resources */ = {isa = PBXBuildFile; fileRef = AD19E2219C48E7E03F76B460 /* PrivacyInfo.xcprivacy */; };
		'CAPV02BC23C3C719CD3C9F' = {isa = PBXBuildFile; fileRef = CAPV02493347E53EC5C762; };
		'CELBV01BC23C3C719CD3C9F' = {isa = PBXBuildFile; fileRef = CELBV01493347E53EC5C762; };
		'CELMD01BC23C3C719CD3C9F' = {isa = PBXBuildFile; fileRef = CELMD01493347E53EC5C762; };
		'CELRB01BC23C3C719CD3C9F' = {isa = PBXBuildFile; fileRef = CELRB01493347E53EC5C762; };
		'CELSH01BC23C3C719CD3C9F' = {isa = PBXBuildFile; fileRef = CELSH01493347E53EC5C762; };
		'CERTV01BC23C3C719CD3C9F' = {isa = PBXBuildFile; fileRef = CERTV01493347E53EC5C762; };
		'CHGCD001BC23C3C719CD3C9F' = {isa = PBXBuildFile; fileRef = CHGCD002493347E53EC5C762; };
		'CONST01BC23C3C719CD3C9F' = {isa = PBXBuildFile; fileRef = CONST01493347E53EC5C762; };
		'CREEX01BC23C3C719CD3C9F' = {isa = PBXBuildFile; fileRef = CREEX01493347E53EC5C762; };
		'CRGAL01BC23C3C719CD3C9F' = {isa = PBXBuildFile; fileRef = CRGAL01493347E53EC5C762; };
		'CRHBV01BC23C3C719CD3C9F' = {isa = PBXBuildFile; fileRef = CRHBV01493347E53EC5C762; };
		'CWJP19PGNIJ8EFMZ9JDIJHPL' = {isa = PBXBuildFile; fileRef = J839MM9KDDV6ERJSCSWDDY3K; };
		D1F325EDEB5541EC8A50C890 /* DependencyContainer.swift in Sources */ = {isa = PBXBuildFile; fileRef = 1634ECD8030D56B2BDB8ED74 /* DependencyContainer.swift */; };
		D4D177E865651A197CE13108 /* BadgeEarnedView.swift in Sources */ = {isa = PBXBuildFile; fileRef = 43C82E57CC19E06D9AB8F1B1 /* BadgeEarnedView.swift */; };
		D7983F03DE68BC98813BA3F9 /* CrisisResourcesView.swift in Sources */ = {isa = PBXBuildFile; fileRef = ADEF82AF8A7BCAA062CA1BDA /* CrisisResourcesView.swift */; };
		D8E4822B342B617BD084FF5D /* Models.swift in Sources */ = {isa = PBXBuildFile; fileRef = 590C1A661399CE9EC2A66F1C /* Models.swift */; };
		DAAE938C73E63049B0B55577 /* AppState.swift in Sources */ = {isa = PBXBuildFile; fileRef = 09C32441B14C261728B4FB9A /* AppState.swift */; };
		DCAD479F9DE6B836729A3468 /* HabitServiceTests.swift in Sources */ = {isa = PBXBuildFile; fileRef = 7EA94826B53A528751918B27 /* HabitServiceTests.swift */; };
		'DRWCV01BC23C3C719CD3C9F' = {isa = PBXBuildFile; fileRef = DRWCV01493347E53EC5C762; };
		E1030DDD6EA67DE792FC0EA9 /* ChatView.swift in Sources */ = {isa = PBXBuildFile; fileRef = D9B5D3DCE698D378FB6588A8 /* ChatView.swift */; };
		E6EED5A733602749522F3268 /* ExerciseLibraryView.swift in Sources */ = {isa = PBXBuildFile; fileRef = 4F92EBA52F3CBBB5C750E324 /* ExerciseLibraryView.swift */; };
		ECA7E72D2F1C3340B1701843 /* OnboardingFlow.swift in Sources */ = {isa = PBXBuildFile; fileRef = 7365E756D09C60F3075E9CF3 /* OnboardingFlow.swift */; };
		ECD96C7A4FFF4DEA90C7DA9D /* VoiceWebSocketManager.swift in Sources */ = {isa = PBXBuildFile; fileRef = 46938BB0F51347729AF9099B /* VoiceWebSocketManager.swift */; };
		'ENRLS01BC23C3C719CD3C9F' = {isa = PBXBuildFile; fileRef = ENRLS01493347E53EC5C762; };
		'EVBDG01BC23C3C719CD3C9F' = {isa = PBXBuildFile; fileRef = EVBDG02493347E53EC5C762; };
		F1476D5E4623CF0C7ADAA932 /* MindFriendApp.swift in Sources */ = {isa = PBXBuildFile; fileRef = 017A1CC530067B1B048F2E75 /* MindFriendApp.swift */; };
		F2C47EFC6DDD40DAA8E206B0 /* VoiceCoordinator.swift in Sources */ = {isa = PBXBuildFile; fileRef = D5080539168C40C7A52261C4 /* VoiceCoordinator.swift */; };
		F4FB71A9382B13545ABF6892 /* AppDelegate.swift in Sources */ = {isa = PBXBuildFile; fileRef = 23D490333DC8BA4297BD45DC /* AppDelegate.swift */; };
		'FAMMG01BC23C3C719CD3C9F' = {isa = PBXBuildFile; fileRef = FAMMG01493347E53EC5C762; };
		FFEFDCF3B740D8AC11D8B869 /* MoodCheckInView.swift in Sources */ = {isa = PBXBuildFile; fileRef = 7B1767E6483AD92B2D78062F /* MoodCheckInView.swift */; };
		'FTCMP01BC23C3C719CD3C9F' = {isa = PBXBuildFile; fileRef = FTCMP01493347E53EC5C762; };
		'GIFTP01BC23C3C719CD3C9F' = {isa = PBXBuildFile; fileRef = GIFTP01493347E53EC5C762; };
		'HKCSH01BC23C3C719CD3C9F' = {isa = PBXBuildFile; fileRef = HKCSH01493347E53EC5C762; };
		'HKSVC01BC23C3C719CD3C9F' = {isa = PBXBuildFile; fileRef = HKSVC01493347E53EC5C762; };
		'HQU2V1695BQ2J465WZR0OXUL' = {isa = PBXBuildFile; fileRef = JRBT5KIK11OQCRX8ZV5A312X; };
		'HSAFS01BC23C3C719CD3C9F' = {isa = PBXBuildFile; fileRef = HSAFS01493347E53EC5C762; };
		'INSLV01BC23C3C719CD3C9F' = {isa = PBXBuildFile; fileRef = INSLV01493347E53EC5C762; };
		'INVBS01BC23C3C719CD3C9F' = {isa = PBXBuildFile; fileRef = INVBS01493347E53EC5C762; };
		'INVMB001BC23C3C719CD3C9F' = {isa = PBXBuildFile; fileRef = INVMB002493347E53EC5C762; };
		'LANGV02BC23C3C719CD3C9F' = {isa = PBXBuildFile; fileRef = LANGV02493347E53EC5C762; };
		'LIVSV01BC23C3C719CD3C9F' = {isa = PBXBuildFile; fileRef = LIVSV01493347E53EC5C762; };
		'LOG001BC23C3C719CD3C9F' = {isa = PBXBuildFile; fileRef = LOG001493347E53EC5C762; };
		'LVLPV01BC23C3C719CD3C9F' = {isa = PBXBuildFile; fileRef = LVLPV02493347E53EC5C762; };
		'LVLUP001BC23C3C719CD3C9F' = {isa = PBXBuildFile; fileRef = LVLUP002493347E53EC5C762; };
		'LVSVC01BC23C3C719CD3C9F' = {isa = PBXBuildFile; fileRef = LVSVC01493347E53EC5C762; };
		'M3M0RY5FCBCE702B474FE38F' = {isa = PBXBuildFile; fileRef = MSET1N381F4DC447434793A6; };
		'MTHIS01BC23C3C719CD3C9F' = {isa = PBXBuildFile; fileRef = MTHIS02493347E53EC5C762; };
		'NOTIF001BC23C3C719CD3C9F' = {isa = PBXBuildFile; fileRef = NOTIF002493347E53EC5C762; };
		'ORBVW02BC23C3C719CD3C9F' = {isa = PBXBuildFile; fileRef = ORBVW01493347E53EC5C762; };
		'PLNCD01BC23C3C719CD3C9F' = {isa = PBXBuildFile; fileRef = PLNCD01493347E53EC5C762; };
		'PRGDV01BC23C3C719CD3C9F' = {isa = PBXBuildFile; fileRef = PRGDV01493347E53EC5C762; };
		'PRGDY01BC23C3C719CD3C9F' = {isa = PBXBuildFile; fileRef = PRGDY01493347E53EC5C762; };
		'PRGLV01BC23C3C719CD3C9F' = {isa = PBXBuildFile; fileRef = PRGLV01493347E53EC5C762; };
		'PRGMD01BC23C3C719CD3C9F' = {isa = PBXBuildFile; fileRef = PRGMD01493347E53EC5C762; };
		'PROAC01BC23C3C719CD3C9F' = {isa = PBXBuildFile; fileRef = PROAC02493347E53EC5C762; };
		'PROMO01BC23C3C719CD3C9F' = {isa = PBXBuildFile; fileRef = PROMO01493347E53EC5C762; };
		'PRSCPV02BC23C3C719CD3C9F' = {isa = PBXBuildFile; fileRef = PRSCPV01493347E53EC5C762; };
		'PRSCTV02BC23C3C719CD3C9F' = {isa = PBXBuildFile; fileRef = PRSCTV01493347E53EC5C762; };
		'PRSIOV02BC23C3C719CD3C9F' = {isa = PBXBuildFile; fileRef = PRSIOV01493347E53EC5C762; };
		'PRSQHV02BC23C3C719CD3C9F' = {isa = PBXBuildFile; fileRef = PRSQHV01493347E53EC5C762; };
		'PRSSGV02BC23C3C719CD3C9F' = {isa = PBXBuildFile; fileRef = PRSSGV01493347E53EC5C762; };
		'PRSSV02BC23C3C719CD3C9F' = {isa = PBXBuildFile; fileRef = PRSSV01493347E53EC5C762; };
		'PRSYOV02BC23C3C719CD3C9F' = {isa = PBXBuildFile; fileRef = PRSYOV01493347E53EC5C762; };
		'PRVBN01BC23C3C719CD3C9F' = {isa = PBXBuildFile; fileRef = PRVBN02493347E53EC5C762; };
		'PTRNS01BC23C3C719CD3C9F' = {isa = PBXBuildFile; fileRef = PTRNS02493347E53EC5C762; };
		'QCVIEW01BC23C3C719CD3C9F' = {isa = PBXBuildFile; fileRef = QCVIEW02493347E53EC5C762; };
		'RACTPK01BC23C3C719CD3C9F' = {isa = PBXBuildFile; fileRef = RACTPK02493347E53EC5C762; };
		'SEASEC01BC23C3C719CD3C9F' = {isa = PBXBuildFile; fileRef = SEASEC02493347E53EC5C762; };
		'SENTRYSWIFTUI001' = {isa = PBXBuildFile; productRef = SENTRYSWIFTUI002; };
		'SKLTV01BC23C3C719CD3C9F' = {isa = PBXBuildFile; fileRef = SKLTV02493347E53EC5C762; };
		'SLVW02BC23C3C719CD3C9F' = {isa = PBXBuildFile; fileRef = SLVW02493347E53EC5C762; };
		'SNDHG001BC23C3C719CD3C9F' = {isa = PBXBuildFile; fileRef = SNDHG002493347E53EC5C762; };
		'SUBSC01BC23C3C719CD3C9F' = {isa = PBXBuildFile; fileRef = SUBSC01493347E53EC5C762; };
		'TRNV02BC23C3C719CD3C9F' = {isa = PBXBuildFile; fileRef = TRNV02493347E53EC5C762; };
		'TSTCR01BC23C3C719CD3C9F' = {isa = PBXBuildFile; fileRef = TSTCR02493347E53EC5C762; };
		'TXTV02BC23C3C719CD3C9F' = {isa = PBXBuildFile; fileRef = TXTV02493347E53EC5C762; };
		'VCMDV02BC23C3C719CD3C9F' = {isa = PBXBuildFile; fileRef = VCMDV01493347E53EC5C762; };
		'VCSM002BC23C3C719CD3C9F' = {isa = PBXBuildFile; fileRef = VCSM001493347E53EC5C762; };
		'VISV02BC23C3C719CD3C9F' = {isa = PBXBuildFile; fileRef = VISV02493347E53EC5C762; };
		'VJRCV01BC23C3C719CD3C9F' = {isa = PBXBuildFile; fileRef = VJRCV01493347E53EC5C762; };
		'VSMT002BC23C3C719CD3C9F' = {isa = PBXBuildFile; fileRef = VSMT001493347E53EC5C762; };
		'WKINS01BC23C3C719CD3C9F' = {isa = PBXBuildFile; fileRef = WKINS02493347E53EC5C762; };
		'WLCBK02BC23C3C719CD3C9F' = {isa = PBXBuildFile; fileRef = WLCBK01493347E53EC5C762; };
		'WYMCD02BC23C3C719CD3C9F' = {isa = PBXBuildFile; fileRef = WYMCD01493347E53EC5C762; };
		'XC4M462EP5P159LUXZLHR0VG' = {isa = PBXBuildFile; fileRef = X5J1K6VPLGDJ2ZGL519XA4QJ; };
		'YDTG50YCRCBUQMCNZ37MF5HN' = {isa = PBXBuildFile; fileRef = A1291YV6YVZ7OPRWA1ZF5GXW; };
/* End PBXBuildFile section */

/* Begin PBXContainerItemProxy section */
		7D15D183DAD839CB46975823 /* PBXContainerItemProxy */ = {
			isa = PBXContainerItemProxy;
			containerPortal = E9A86A33D927851568117E31 /* Project object */;
			proxyType = 1;
			remoteGlobalIDString = 43350467C820B3F79D1610C0;
			remoteInfo = MindFriendApp;
		};
		A1A6AD93D85DADC1FC6BACDC /* PBXContainerItemProxy */ = {
			isa = PBXContainerItemProxy;
			containerPortal = E9A86A33D927851568117E31 /* Project object */;
			proxyType = 1;
			remoteGlobalIDString = 43350467C820B3F79D1610C0;
			remoteInfo = MindFriendApp;
		};
/* End PBXContainerItemProxy section */

/* Begin PBXFileReference section */
		2D1A654547DA49C8BCA9299D /* BusinessModels_Stub.swift */ = {isa = PBXFileReference; lastKnownFileType = sourcecode.swift; path = BusinessModels_Stub.swift; sourceTree = "<group>"; };
		0DF368405FBD4B2BB0B5426B /* BusinessModels.swift */ = {isa = PBXFileReference; lastKnownFileType = sourcecode.swift; path = BusinessModels.swift; sourceTree = "<group>"; };
		C4D0906BCC6040BAAE874A45 /* ChallengeModels.swift */ = {isa = PBXFileReference; lastKnownFileType = sourcecode.swift; path = ChallengeModels.swift; sourceTree = "<group>"; };
		E29ECACEC31946F5B06633D8 /* OutcomeModels.swift */ = {isa = PBXFileReference; lastKnownFileType = sourcecode.swift; path = OutcomeModels.swift; sourceTree = "<group>"; };
		2362F52FA9224DB9AC01A6C4 /* JournalModels.swift */ = {isa = PBXFileReference; lastKnownFileType = sourcecode.swift; path = JournalModels.swift; sourceTree = "<group>"; };
		6A12056662B645279AE8AC35 /* SleepModels.swift */ = {isa = PBXFileReference; lastKnownFileType = sourcecode.swift; path = SleepModels.swift; sourceTree = "<group>"; };
		9A961EFC27694A0E89BBC487 /* SoundscapeModels.swift */ = {isa = PBXFileReference; lastKnownFileType = sourcecode.swift; path = SoundscapeModels.swift; sourceTree = "<group>"; };
		4159F4A7F29F40968DCFC93B /* AudioModels.swift */ = {isa = PBXFileReference; lastKnownFileType = sourcecode.swift; path = AudioModels.swift; sourceTree = "<group>"; };
		76F5B366CAC042FE9AE2BFEB /* CouplesModels.swift */ = {isa = PBXFileReference; lastKnownFileType = sourcecode.swift; path = CouplesModels.swift; sourceTree = "<group>"; };
		9F0B083FDC1B42DF90E78D83 /* HabitService.swift */ = {isa = PBXFileReference; lastKnownFileType = sourcecode.swift; path = HabitService.swift; sourceTree = "<group>"; };
		3527198A19094C1E93A0579E /* HabitNotificationService.swift */ = {isa = PBXFileReference; lastKnownFileType = sourcecode.swift; path = HabitNotificationService.swift; sourceTree = "<group>"; };
		CC3AB998172E487CA9F8A22C /* HabitModels.swift */ = {isa = PBXFileReference; lastKnownFileType = sourcecode.swift; path = HabitModels.swift; sourceTree = "<group>"; };
		5C3A85A307FB42FDBCBE47D6 /* RoutineModels.swift */ = {isa = PBXFileReference; lastKnownFileType = sourcecode.swift; path = RoutineModels.swift; sourceTree = "<group>"; };
		017A1CC530067B1B048F2E75 /* MindFriendApp.swift */ = {isa = PBXFileReference; lastKnownFileType = sourcecode.swift; path = MindFriendApp.swift; sourceTree = "<group>"; };
		02F723822B9E7EEAACBBD352 /* MoodHistoryView.swift */ = {isa = PBXFileReference; lastKnownFileType = sourcecode.swift; path = MoodHistoryView.swift; sourceTree = "<group>"; };
		036621370DFAC7E7A6611883 /* Info.plist */ = {isa = PBXFileReference; lastKnownFileType = text.plist; path = Info.plist; sourceTree = "<group>"; };
		03E223AF44DB41EF97780875 /* VoiceAudioPlayback.swift */ = {isa = PBXFileReference; lastKnownFileType = sourcecode.swift; path = VoiceAudioPlayback.swift; sourceTree = "<group>"; };
		08C259709AD456D7F6E78980 /* AchievementModels.swift */ = {isa = PBXFileReference; lastKnownFileType = sourcecode.swift; path = AchievementModels.swift; sourceTree = "<group>"; };
		09C32441B14C261728B4FB9A /* AppState.swift */ = {isa = PBXFileReference; lastKnownFileType = sourcecode.swift; path = AppState.swift; sourceTree = "<group>"; };
		0F23129ED1C5F32293E113DF /* ChatListView.swift */ = {isa = PBXFileReference; lastKnownFileType = sourcecode.swift; path = ChatListView.swift; sourceTree = "<group>"; };
		11D48595D696D12CA48780AF /* NotificationManager.swift */ = {isa = PBXFileReference; lastKnownFileType = sourcecode.swift; path = NotificationManager.swift; sourceTree = "<group>"; };
		1634ECD8030D56B2BDB8ED74 /* DependencyContainer.swift */ = {isa = PBXFileReference; lastKnownFileType = sourcecode.swift; path = DependencyContainer.swift; sourceTree = "<group>"; };
		23D490333DC8BA4297BD45DC /* AppDelegate.swift */ = {isa = PBXFileReference; lastKnownFileType = sourcecode.swift; path = AppDelegate.swift; sourceTree = "<group>"; };
		23DE3C97DDF9E4A0EFA80BA4 /* SupabaseDataService.swift */ = {isa = PBXFileReference; lastKnownFileType = sourcecode.swift; path = SupabaseDataService.swift; sourceTree = "<group>"; };
		26FCB1C4877346F08793DAE3 /* PersonalizationModels.swift */ = {isa = PBXFileReference; lastKnownFileType = sourcecode.swift; path = PersonalizationModels.swift; sourceTree = "<group>"; };
		29B370B3E929A0284493AB83 /* ChatService.swift */ = {isa = PBXFileReference; lastKnownFileType = sourcecode.swift; path = ChatService.swift; sourceTree = "<group>"; };
		2B30540DE790CFD29EE26912 /* MindFriendAppUITestsLaunchTests.swift */ = {isa = PBXFileReference; lastKnownFileType = sourcecode.swift; path = MindFriendAppUITestsLaunchTests.swift; sourceTree = "<group>"; };
		2C9EF470938C4B0BAA62606D /* VoiceAudioCapture.swift */ = {isa = PBXFileReference; lastKnownFileType = sourcecode.swift; path = VoiceAudioCapture.swift; sourceTree = "<group>"; };
		2CAC252F4CDB5E56CA6E5ACD /* AchievementsView.swift */ = {isa = PBXFileReference; lastKnownFileType = sourcecode.swift; path = AchievementsView.swift; sourceTree = "<group>"; };
		39A519521BAC54826AC65757 /* MindFriendAppTests.swift */ = {isa = PBXFileReference; lastKnownFileType = sourcecode.swift; path = MindFriendAppTests.swift; sourceTree = "<group>"; };
		43C82E57CC19E06D9AB8F1B1 /* BadgeEarnedView.swift */ = {isa = PBXFileReference; lastKnownFileType = sourcecode.swift; path = BadgeEarnedView.swift; sourceTree = "<group>"; };
		46938BB0F51347729AF9099B /* VoiceWebSocketManager.swift */ = {isa = PBXFileReference; lastKnownFileType = sourcecode.swift; path = VoiceWebSocketManager.swift; sourceTree = "<group>"; };
		4F92EBA52F3CBBB5C750E324 /* ExerciseLibraryView.swift */ = {isa = PBXFileReference; lastKnownFileType = sourcecode.swift; path = ExerciseLibraryView.swift; sourceTree = "<group>"; };
		56417E06D522B4D73DEA20E7 /* QuestDetailView.swift */ = {isa = PBXFileReference; lastKnownFileType = sourcecode.swift; path = QuestDetailView.swift; sourceTree = "<group>"; };
		58AC3779493347E53EC5C762 /* AccessibilityHelpers.swift */ = {isa = PBXFileReference; lastKnownFileType = sourcecode.swift; path = AccessibilityHelpers.swift; sourceTree = "<group>"; };
		590C1A661399CE9EC2A66F1C /* Models.swift */ = {isa = PBXFileReference; lastKnownFileType = sourcecode.swift; path = Models.swift; sourceTree = "<group>"; };
		5924F3CB5CA60B6DD68C1459 /* CirclesListView.swift */ = {isa = PBXFileReference; lastKnownFileType = sourcecode.swift; path = CirclesListView.swift; sourceTree = "<group>"; };
		5B5FF0F998DCDDD1C2D7DC06 /* PaywallView.swift */ = {isa = PBXFileReference; lastKnownFileType = sourcecode.swift; path = PaywallView.swift; sourceTree = "<group>"; };
		60418A4AA355420291C65815 /* VoiceServiceProtocol.swift */ = {isa = PBXFileReference; lastKnownFileType = sourcecode.swift; path = VoiceServiceProtocol.swift; sourceTree = "<group>"; };
		61268AE19EEFC21688B5A4CE /* Analytics.swift */ = {isa = PBXFileReference; lastKnownFileType = sourcecode.swift; path = Analytics.swift; sourceTree = "<group>"; };
		696C905684F7F4ED064A764D /* SignInView.swift */ = {isa = PBXFileReference; lastKnownFileType = sourcecode.swift; path = SignInView.swift; sourceTree = "<group>"; };
		6AA54827926170103E4127E9 /* RoutineTests.swift */ = {isa = PBXFileReference; lastKnownFileType = sourcecode.swift; name = RoutineTests.swift; path = MindFriendAppTests/RoutineTests.swift; sourceTree = SOURCE_ROOT; };
		6BE54CD60586499230BB363D /* MindFriendAppUITests.swift */ = {isa = PBXFileReference; lastKnownFileType = sourcecode.swift; path = MindFriendAppUITests.swift; sourceTree = "<group>"; };
		6DC17A0743ED071EF51DDFD8 /* SupabaseClient.swift */ = {isa = PBXFileReference; lastKnownFileType = sourcecode.swift; path = SupabaseClient.swift; sourceTree = "<group>"; };
		7365E756D09C60F3075E9CF3 /* OnboardingFlow.swift */ = {isa = PBXFileReference; lastKnownFileType = sourcecode.swift; path = OnboardingFlow.swift; sourceTree = "<group>"; };
		7B1767E6483AD92B2D78062F /* MoodCheckInView.swift */ = {isa = PBXFileReference; lastKnownFileType = sourcecode.swift; path = MoodCheckInView.swift; sourceTree = "<group>"; };
		7CF8C702A16D26304471B516 /* HomeView.swift */ = {isa = PBXFileReference; lastKnownFileType = sourcecode.swift; path = HomeView.swift; sourceTree = "<group>"; };
		7EA94826B53A528751918B27 /* HabitServiceTests.swift */ = {isa = PBXFileReference; lastKnownFileType = sourcecode.swift; name = HabitServiceTests.swift; path = MindFriendAppTests/HabitServiceTests.swift; sourceTree = SOURCE_ROOT; };
		82200F5D3BA38777360CDF95 /* ProfileView.swift */ = {isa = PBXFileReference; lastKnownFileType = sourcecode.swift; path = ProfileView.swift; sourceTree = "<group>"; };
		86045B10D96665CD3C8170AD /* BillingService.swift */ = {isa = PBXFileReference; lastKnownFileType = sourcecode.swift; path = BillingService.swift; sourceTree = "<group>"; };
		87258741D4EE156264C73C1E /* MainTabView.swift */ = {isa = PBXFileReference; lastKnownFileType = sourcecode.swift; path = MainTabView.swift; sourceTree = "<group>"; };
		8BFEAFFBA5736CC9172A7564 /* AchievementService.swift */ = {isa = PBXFileReference; lastKnownFileType = sourcecode.swift; path = AchievementService.swift; sourceTree = "<group>"; };
		8F6C96B1314DD92211F6CAD4 /* MindFriendAppTests.xctest */ = {isa = PBXFileReference; explicitFileType = wrapper.cfbundle; includeInIndex = 0; path = MindFriendAppTests.xctest; sourceTree = BUILT_PRODUCTS_DIR; };
		93C47D8F62EA47E0B6701625 /* Services/PersonalizationService.swift */ = {isa = PBXFileReference; lastKnownFileType = sourcecode.swift; path = Services/PersonalizationService.swift; sourceTree = "<group>"; };
		979CA4C9C16981D7D441806F /* CrashReporter.swift */ = {isa = PBXFileReference; lastKnownFileType = sourcecode.swift; path = CrashReporter.swift; sourceTree = "<group>"; };
		9F596496EC3949C7D88BEA2A /* Localizable.xcstrings */ = {isa = PBXFileReference; lastKnownFileType = text.json.xcstrings; path = Localizable.xcstrings; sourceTree = "<group>"; };
		'A1291YV6YVZ7OPRWA1ZF5GXW' = {isa = PBXFileReference; lastKnownFileType = sourcecode.swift; path = RecoveryQuestView.swift; sourceTree = "<group>"; };
		A1B2C3D4E5F60718293A4B5D /* GrokVoiceService.swift */ = {isa = PBXFileReference; lastKnownFileType = sourcecode.swift; path = GrokVoiceService.swift; sourceTree = "<group>"; };
		'ACSV02493347E53EC5C762' = {isa = PBXFileReference; lastKnownFileType = sourcecode.swift; path = AccessibilitySettingsView.swift; sourceTree = "<group>"; };
		'ACTSV01493347E53EC5C762' = {isa = PBXFileReference; lastKnownFileType = sourcecode.swift; path = ActiveSessionView.swift; sourceTree = "<group>"; };
		AD19E2219C48E7E03F76B460 /* PrivacyInfo.xcprivacy */ = {isa = PBXFileReference; lastKnownFileType = text.xml; path = PrivacyInfo.xcprivacy; sourceTree = "<group>"; };
		ADEF82AF8A7BCAA062CA1BDA /* CrisisResourcesView.swift */ = {isa = PBXFileReference; lastKnownFileType = sourcecode.swift; path = CrisisResourcesView.swift; sourceTree = "<group>"; };
		'AFBV02493347E53EC5C762' = {isa = PBXFileReference; lastKnownFileType = sourcecode.swift; path = AccessibilityFeedbackView.swift; sourceTree = "<group>"; };
		'APPST01493347E53EC5C762' = {isa = PBXFileReference; lastKnownFileType = sourcecode.swift; path = AppearanceSettingsView.swift; sourceTree = "<group>"; };
		'ARTGV01493347E53EC5C762' = {isa = PBXFileReference; lastKnownFileType = sourcecode.swift; path = ArtGeneratorView.swift; sourceTree = "<group>"; };
		'ASMD02493347E53EC5C762' = {isa = PBXFileReference; lastKnownFileType = sourcecode.swift; path = AccessibilityModels.swift; sourceTree = "<group>"; };
		'ASVC02493347E53EC5C762' = {isa = PBXFileReference; lastKnownFileType = sourcecode.swift; path = AccessibilityService.swift; sourceTree = "<group>"; };
		'AUDLV01493347E53EC5C762' = {isa = PBXFileReference; lastKnownFileType = sourcecode.swift; path = AudioLevelMeter.swift; sourceTree = "<group>"; };
		B1C2D3E4F5061728394A5B6D /* VoiceChatView.swift */ = {isa = PBXFileReference; lastKnownFileType = sourcecode.swift; path = VoiceChatView.swift; sourceTree = "<group>"; };
		B3AD861AAF4425ADED3B7DC1 /* ModelsTests.swift */ = {isa = PBXFileReference; lastKnownFileType = sourcecode.swift; path = ModelsTests.swift; sourceTree = "<group>"; };
		'BADGV02493347E53EC5C762' = {isa = PBXFileReference; lastKnownFileType = sourcecode.swift; path = BadgesView.swift; sourceTree = "<group>"; };
		'BIODV01493347E53EC5C762' = {isa = PBXFileReference; lastKnownFileType = sourcecode.swift; path = BiometricsDashboardView.swift; sourceTree = "<group>"; };
		'BIOMD01493347E53EC5C762' = {isa = PBXFileReference; lastKnownFileType = sourcecode.swift; path = BiometricModels.swift; sourceTree = "<group>"; };
		'BIOSV01493347E53EC5C762' = {isa = PBXFileReference; lastKnownFileType = sourcecode.swift; path = BiometricsSettingsView.swift; sourceTree = "<group>"; };
		C01FD89BD82D62E6FECE438B /* OurApproachView.swift */ = {isa = PBXFileReference; lastKnownFileType = sourcecode.swift; path = OurApproachView.swift; sourceTree = "<group>"; };
		C1D2E3F405162738495A6B7D /* VoiceSettingsView.swift */ = {isa = PBXFileReference; lastKnownFileType = sourcecode.swift; path = VoiceSettingsView.swift; sourceTree = "<group>"; };
		'CAPV02493347E53EC5C762' = {isa = PBXFileReference; lastKnownFileType = sourcecode.swift; path = CaptionsView.swift; sourceTree = "<group>"; };
		CDBE266B4C294E2E9AEBD8BE /* SentryReplayMasking.swift */ = {isa = PBXFileReference; lastKnownFileType = sourcecode.swift; path = SentryReplayMasking.swift; sourceTree = "<group>"; };
		CDF072AA2C6443C28F410FA9 /* FlowLayout.swift */ = {isa = PBXFileReference; lastKnownFileType = sourcecode.swift; path = FlowLayout.swift; sourceTree = "<group>"; };
		'CELBV01493347E53EC5C762' = {isa = PBXFileReference; lastKnownFileType = sourcecode.swift; path = CelebrationView.swift; sourceTree = "<group>"; };
		'CELMD01493347E53EC5C762' = {isa = PBXFileReference; lastKnownFileType = sourcecode.swift; path = CelebrationModels.swift; sourceTree = "<group>"; };
		'CELRB01493347E53EC5C762' = {isa = PBXFileReference; lastKnownFileType = sourcecode.swift; path = CelebrationReactionsBar.swift; sourceTree = "<group>"; };
		'CELSH01493347E53EC5C762' = {isa = PBXFileReference; lastKnownFileType = sourcecode.swift; path = ShareCardSheet.swift; sourceTree = "<group>"; };
		'CERTV01493347E53EC5C762' = {isa = PBXFileReference; lastKnownFileType = sourcecode.swift; path = CertificateView.swift; sourceTree = "<group>"; };
		CFEC0910E4AFE443A36B1686 /* Assets.xcassets */ = {isa = PBXFileReference; lastKnownFileType = folder.assetcatalog; path = Assets.xcassets; sourceTree = "<group>"; };
		'CHGCD002493347E53EC5C762' = {isa = PBXFileReference; lastKnownFileType = sourcecode.swift; path = ChallengeCard.swift; sourceTree = "<group>"; };
		'CONST01493347E53EC5C762' = {isa = PBXFileReference; lastKnownFileType = sourcecode.swift; path = Constants.swift; sourceTree = "<group>"; };
		'CREEX01493347E53EC5C762' = {isa = PBXFileReference; lastKnownFileType = sourcecode.swift; path = CreativeExpressionService.swift; sourceTree = "<group>"; };
		'CRGAL01493347E53EC5C762' = {isa = PBXFileReference; lastKnownFileType = sourcecode.swift; path = CreativeGalleryView.swift; sourceTree = "<group>"; };
		'CRHBV01493347E53EC5C762' = {isa = PBXFileReference; lastKnownFileType = sourcecode.swift; path = CreativeHubView.swift; sourceTree = "<group>"; };
		D5080539168C40C7A52261C4 /* VoiceCoordinator.swift */ = {isa = PBXFileReference; lastKnownFileType = sourcecode.swift; path = VoiceCoordinator.swift; sourceTree = "<group>"; };
		D5960814096DE1C03C4EA278 /* MindFriendAppUITests.xctest */ = {isa = PBXFileReference; explicitFileType = wrapper.cfbundle; includeInIndex = 0; path = MindFriendAppUITests.xctest; sourceTree = BUILT_PRODUCTS_DIR; };
		D614835452830884BA85A961 /* MindFriendApp.app */ = {isa = PBXFileReference; explicitFileType = wrapper.application; includeInIndex = 0; path = MindFriendApp.app; sourceTree = BUILT_PRODUCTS_DIR; };
		D7183242361CBB51E01BFD21 /* MindFriendApp.entitlements */ = {isa = PBXFileReference; lastKnownFileType = text.plist.entitlements; path = MindFriendApp.entitlements; sourceTree = "<group>"; };
		D9B5D3DCE698D378FB6588A8 /* ChatView.swift */ = {isa = PBXFileReference; lastKnownFileType = sourcecode.swift; path = ChatView.swift; sourceTree = "<group>"; };
		'DBGCFG001493347E53EC5C762' = {isa = PBXFileReference; lastKnownFileType = text.xcconfig; path = Debug.xcconfig; sourceTree = "<group>"; };
		'DRWCV01493347E53EC5C762' = {isa = PBXFileReference; lastKnownFileType = sourcecode.swift; path = DrawingCanvasView.swift; sourceTree = "<group>"; };
		ED10F25735B44DA7D182528D /* SupabaseAuthService.swift */ = {isa = PBXFileReference; lastKnownFileType = sourcecode.swift; path = SupabaseAuthService.swift; sourceTree = "<group>"; };
		'ENRLS01493347E53EC5C762' = {isa = PBXFileReference; lastKnownFileType = sourcecode.swift; path = EnrollmentSheet.swift; sourceTree = "<group>"; };
		'EVBDG02493347E53EC5C762' = {isa = PBXFileReference; lastKnownFileType = sourcecode.swift; path = EvidenceBadge.swift; sourceTree = "<group>"; };
		F0044C419B6FFF4E50FF0B15 /* HabitNotificationServiceTests.swift */ = {isa = PBXFileReference; lastKnownFileType = sourcecode.swift; name = HabitNotificationServiceTests.swift; path = MindFriendAppTests/HabitNotificationServiceTests.swift; sourceTree = SOURCE_ROOT; };
		'FAMMG01493347E53EC5C762' = {isa = PBXFileReference; lastKnownFileType = sourcecode.swift; path = FamilyManagementView.swift; sourceTree = "<group>"; };
		'FTCMP01493347E53EC5C762' = {isa = PBXFileReference; lastKnownFileType = sourcecode.swift; path = FeatureComparisonView.swift; sourceTree = "<group>"; };
		'GIFTP01493347E53EC5C762' = {isa = PBXFileReference; lastKnownFileType = sourcecode.swift; path = GiftPurchaseSheet.swift; sourceTree = "<group>"; };
		'HKCSH01493347E53EC5C762' = {isa = PBXFileReference; lastKnownFileType = sourcecode.swift; path = HealthKitConnectionSheet.swift; sourceTree = "<group>"; };
		'HKSVC01493347E53EC5C762' = {isa = PBXFileReference; lastKnownFileType = sourcecode.swift; path = HealthKitService.swift; sourceTree = "<group>"; };
		'HSAFS01493347E53EC5C762' = {isa = PBXFileReference; lastKnownFileType = sourcecode.swift; path = HSAFSAInfoView.swift; sourceTree = "<group>"; };
		'INSLV01493347E53EC5C762' = {isa = PBXFileReference; lastKnownFileType = sourcecode.swift; path = InsightsListView.swift; sourceTree = "<group>"; };
		'INVBS01493347E53EC5C762' = {isa = PBXFileReference; lastKnownFileType = sourcecode.swift; path = InviteBuddySheet.swift; sourceTree = "<group>"; };
		'INVMB002493347E53EC5C762' = {isa = PBXFileReference; lastKnownFileType = sourcecode.swift; path = InviteMemberSheet.swift; sourceTree = "<group>"; };
		'J839MM9KDDV6ERJSCSWDDY3K' = {isa = PBXFileReference; lastKnownFileType = sourcecode.swift; path = StreakShieldIndicator.swift; sourceTree = "<group>"; };
		'JRBT5KIK11OQCRX8ZV5A312X' = {isa = PBXFileReference; lastKnownFileType = sourcecode.swift; path = RecoveryQuestBanner.swift; sourceTree = "<group>"; };
		'LANGV02493347E53EC5C762' = {isa = PBXFileReference; lastKnownFileType = sourcecode.swift; path = LanguageSettingsView.swift; sourceTree = "<group>"; };
		'LIVSV01493347E53EC5C762' = {isa = PBXFileReference; lastKnownFileType = sourcecode.swift; path = LiveSessionsView.swift; sourceTree = "<group>"; };
		'LOG001493347E53EC5C762' = {isa = PBXFileReference; lastKnownFileType = sourcecode.swift; path = Logger.swift; sourceTree = "<group>"; };
		'LVLPV02493347E53EC5C762' = {isa = PBXFileReference; lastKnownFileType = sourcecode.swift; path = LevelProgressView.swift; sourceTree = "<group>"; };
		'LVLUP002493347E53EC5C762' = {isa = PBXFileReference; lastKnownFileType = sourcecode.swift; path = LevelUpCelebration.swift; sourceTree = "<group>"; };
		'LVSVC01493347E53EC5C762' = {isa = PBXFileReference; lastKnownFileType = sourcecode.swift; path = LiveService.swift; sourceTree = "<group>"; };
		'MSET1N381F4DC447434793A6' = {isa = PBXFileReference; lastKnownFileType = sourcecode.swift; path = MemorySettingsView.swift; sourceTree = "<group>"; };
		'MTHIS02493347E53EC5C762' = {isa = PBXFileReference; lastKnownFileType = sourcecode.swift; path = MethodologyInfoSheet.swift; sourceTree = "<group>"; };
		'NOTIF002493347E53EC5C762' = {isa = PBXFileReference; lastKnownFileType = sourcecode.swift; path = NotificationTests.swift; sourceTree = "<group>"; };
		'ORBVW01493347E53EC5C762' = {isa = PBXFileReference; lastKnownFileType = sourcecode.swift; path = OrbView.swift; sourceTree = "<group>"; };
		'PLNCD01493347E53EC5C762' = {isa = PBXFileReference; lastKnownFileType = sourcecode.swift; path = PlanCard.swift; sourceTree = "<group>"; };
		'PRGDV01493347E53EC5C762' = {isa = PBXFileReference; lastKnownFileType = sourcecode.swift; path = ProgramDetailView.swift; sourceTree = "<group>"; };
		'PRGDY01493347E53EC5C762' = {isa = PBXFileReference; lastKnownFileType = sourcecode.swift; path = ProgramDayView.swift; sourceTree = "<group>"; };
		'PRGLV01493347E53EC5C762' = {isa = PBXFileReference; lastKnownFileType = sourcecode.swift; path = ProgramsLibraryView.swift; sourceTree = "<group>"; };
		'PRGMD01493347E53EC5C762' = {isa = PBXFileReference; lastKnownFileType = sourcecode.swift; path = ProgramModels.swift; sourceTree = "<group>"; };
		'PROAC02493347E53EC5C762' = {isa = PBXFileReference; lastKnownFileType = sourcecode.swift; path = ProactiveSettingsView.swift; sourceTree = "<group>"; };
		'PROMO01493347E53EC5C762' = {isa = PBXFileReference; lastKnownFileType = sourcecode.swift; path = PromoCodeField.swift; sourceTree = "<group>"; };
		'PRSCPV01493347E53EC5C762' = {isa = PBXFileReference; lastKnownFileType = sourcecode.swift; path = CategoryPickerView.swift; sourceTree = "<group>"; };
		'PRSCTV01493347E53EC5C762' = {isa = PBXFileReference; lastKnownFileType = sourcecode.swift; path = ContentTypePickerView.swift; sourceTree = "<group>"; };
		'PRSIOV01493347E53EC5C762' = {isa = PBXFileReference; lastKnownFileType = sourcecode.swift; path = PersonalizedInsightsView.swift; sourceTree = "<group>"; };
		'PRSQHV01493347E53EC5C762' = {isa = PBXFileReference; lastKnownFileType = sourcecode.swift; path = QuietHoursView.swift; sourceTree = "<group>"; };
		'PRSSGV01493347E53EC5C762' = {isa = PBXFileReference; lastKnownFileType = sourcecode.swift; path = ScheduleSuggestionsView.swift; sourceTree = "<group>"; };
		'PRSSV01493347E53EC5C762' = {isa = PBXFileReference; lastKnownFileType = sourcecode.swift; path = PersonalizationSettingsView.swift; sourceTree = "<group>"; };
		'PRSYOV01493347E53EC5C762' = {isa = PBXFileReference; lastKnownFileType = sourcecode.swift; path = ForYouView.swift; sourceTree = "<group>"; };
		'PRVBN02493347E53EC5C762' = {isa = PBXFileReference; lastKnownFileType = sourcecode.swift; path = PrivacyBanner.swift; sourceTree = "<group>"; };
		'PTRNS02493347E53EC5C762' = {isa = PBXFileReference; lastKnownFileType = sourcecode.swift; path = PatternsView.swift; sourceTree = "<group>"; };
		'QCVIEW02493347E53EC5C762' = {isa = PBXFileReference; lastKnownFileType = sourcecode.swift; path = QuestChoiceView.swift; sourceTree = "<group>"; };
		'RACTPK02493347E53EC5C762' = {isa = PBXFileReference; lastKnownFileType = sourcecode.swift; path = ReactionPicker.swift; sourceTree = "<group>"; };
		'RELCFG001493347E53EC5C762' = {isa = PBXFileReference; lastKnownFileType = text.xcconfig; path = Release.xcconfig; sourceTree = "<group>"; };
		'SEASEC02493347E53EC5C762' = {isa = PBXFileReference; lastKnownFileType = sourcecode.swift; path = SeasonalEventCard.swift; sourceTree = "<group>"; };
		'SKLTV02493347E53EC5C762' = {isa = PBXFileReference; lastKnownFileType = sourcecode.swift; path = SkillTreeView.swift; sourceTree = "<group>"; };
		'SLVW02493347E53EC5C762' = {isa = PBXFileReference; lastKnownFileType = sourcecode.swift; path = SignLanguageView.swift; sourceTree = "<group>"; };
		'SNDHG002493347E53EC5C762' = {isa = PBXFileReference; lastKnownFileType = sourcecode.swift; path = SendHugButton.swift; sourceTree = "<group>"; };
		'SUBSC01493347E53EC5C762' = {isa = PBXFileReference; lastKnownFileType = sourcecode.swift; path = SubscriptionView.swift; sourceTree = "<group>"; };
		'TRNV02493347E53EC5C762' = {isa = PBXFileReference; lastKnownFileType = sourcecode.swift; path = TranscriptView.swift; sourceTree = "<group>"; };
		'TSTCR02493347E53EC5C762' = {isa = PBXFileReference; lastKnownFileType = sourcecode.swift; path = TestimonialsCarousel.swift; sourceTree = "<group>"; };
		'TXTV02493347E53EC5C762' = {isa = PBXFileReference; lastKnownFileType = sourcecode.swift; path = TextSizeSettingsView.swift; sourceTree = "<group>"; };
		'VCMDV01493347E53EC5C762' = {isa = PBXFileReference; lastKnownFileType = sourcecode.swift; path = VoiceModeView.swift; sourceTree = "<group>"; };
		'VCSM001493347E53EC5C762' = {isa = PBXFileReference; lastKnownFileType = sourcecode.swift; path = VoiceStateMachine.swift; sourceTree = "<group>"; };
		'VISV02493347E53EC5C762' = {isa = PBXFileReference; lastKnownFileType = sourcecode.swift; path = VisualAccessibilityView.swift; sourceTree = "<group>"; };
		'VJRCV01493347E53EC5C762' = {isa = PBXFileReference; lastKnownFileType = sourcecode.swift; path = VoiceJournalRecorderView.swift; sourceTree = "<group>"; };
		'VSMT001493347E53EC5C762' = {isa = PBXFileReference; lastKnownFileType = sourcecode.swift; path = VoiceStateMachineTests.swift; sourceTree = "<group>"; };
		'WKINS02493347E53EC5C762' = {isa = PBXFileReference; lastKnownFileType = sourcecode.swift; path = WeeklyInsightsView.swift; sourceTree = "<group>"; };
		'WLCBK01493347E53EC5C762' = {isa = PBXFileReference; lastKnownFileType = sourcecode.swift; path = WelcomeBackView.swift; sourceTree = "<group>"; };
		'WYMCD01493347E53EC5C762' = {isa = PBXFileReference; lastKnownFileType = sourcecode.swift; path = WhatYouMissedCard.swift; sourceTree = "<group>"; };
		'X5J1K6VPLGDJ2ZGL519XA4QJ' = {isa = PBXFileReference; lastKnownFileType = sourcecode.swift; path = StreakCardWithShields.swift; sourceTree = "<group>"; };
/* End PBXFileReference section */

/* Begin PBXFrameworksBuildPhase section */
		6402F7403C47F6D25B5BF55F /* Frameworks */ = {
			isa = PBXFrameworksBuildPhase;
			buildActionMask = 2147483647;
			files = (
				87D1E2B75C3B225E6E8926BE /* GoogleSignIn in Frameworks */,
				C3ABF18229E400C20B9AB78A /* Sentry in Frameworks */,
				SENTRYSWIFTUI001,
				8351314356B11AB2DC04C248 /* Supabase in Frameworks */,
			);
			runOnlyForDeploymentPostprocessing = 0;
		};
/* End PBXFrameworksBuildPhase section */

/* Begin PBXGroup section */
		133F2CE7AA35093281EB930D /* App */ = {
			isa = PBXGroup;
			children = (
				23D490333DC8BA4297BD45DC /* AppDelegate.swift */,
				09C32441B14C261728B4FB9A /* AppState.swift */,
				1634ECD8030D56B2BDB8ED74 /* DependencyContainer.swift */,
				017A1CC530067B1B048F2E75 /* MindFriendApp.swift */,
			);
			path = App;
			sourceTree = "<group>";
		};
		18B857850E2E36381BF2FA93 /* Services */ = {
			isa = PBXGroup;
			children = (
				86045B10D96665CD3C8170AD /* BillingService.swift */,
				29B370B3E929A0284493AB83 /* ChatService.swift */,
				ED10F25735B44DA7D182528D /* SupabaseAuthService.swift */,
				23DE3C97DDF9E4A0EFA80BA4 /* SupabaseDataService.swift */,
				LVSVC01493347E53EC5C762,
				CREEX01493347E53EC5C762,
			);
			path = Services;
			sourceTree = "<group>";
		};
		25A7C7C1CCAA3FEFCB09E504 /* Persistence */ = {
			isa = PBXGroup;
			children = (
			);
			path = Persistence;
			sourceTree = "<group>";
		};
		2D2D57BC75095CB3DE6AE15A /* Achievements */ = {
			isa = PBXGroup;
			children = (
				2CAC252F4CDB5E56CA6E5ACD /* AchievementsView.swift */,
				43C82E57CC19E06D9AB8F1B1 /* BadgeEarnedView.swift */,
			);
			path = Achievements;
			sourceTree = "<group>";
		};
		2EE71695070F42C0F4F2A513 /* Home */ = {
			isa = PBXGroup;
			children = (
				7CF8C702A16D26304471B516 /* HomeView.swift */,
				87258741D4EE156264C73C1E /* MainTabView.swift */,
				J839MM9KDDV6ERJSCSWDDY3K,
				X5J1K6VPLGDJ2ZGL519XA4QJ,
				JRBT5KIK11OQCRX8ZV5A312X,
				WLCBK01493347E53EC5C762,
				WYMCD01493347E53EC5C762,
			);
			path = Home;
			sourceTree = "<group>";
		};
		35264B9E5E5375C2F72528A7 /* Features */ = {
			isa = PBXGroup;
			children = (
				2D2D57BC75095CB3DE6AE15A /* Achievements */,
				A99FA53A908DEE1FE882CA7E /* Auth */,
				BADGV03493347E53EC5C762,
				BUDDYGRP001493347E53EC5C762,
				CELEBGRP001493347E53EC5C762,
				E00C280E8109CA17427D29A9 /* Chat */,
				68BB88C0FC1F5951399C46B9 /* Circles */,
				8303D01A99DCA35C35FD8A51 /* Crisis */,
				9D1B4B2000C05DD736013F80 /* Exercises */,
				2EE71695070F42C0F4F2A513 /* Home */,
				WKINS03493347E53EC5C762,
				D0C41C13BD865BBCE6BCAC38 /* Mood */,
				A9D4D14B7938A1FA200DF64E /* Onboarding */,
				4ABFD909D4F5EA0B08EDA25B /* Paywall */,
				B7F9B81AB73CD4C7005F5FFD /* Profile */,
				PRSGRP01493347E53EC5C762,
				PROG003493347E53EC5C762,
				9D4A124EED8A5F97E3CEDD16 /* Quests */,
				VCMDGRP001493347E53EC5C762,
				PRGRP01493347E53EC5C762,
				BIOGRP01493347E53EC5C762,
				CRTVGRP01493347E53EC5C762,
				LIVEGRP01493347E53EC5C762,
				SUBSCGRP01493347E53EC5C762,
			);
			path = Features;
			sourceTree = "<group>";
		};
		3EE683BCB5BF2C0266169127 /* Extensions */ = {
			isa = PBXGroup;
			children = (
			);
			path = Extensions;
			sourceTree = "<group>";
		};
		4ABFD909D4F5EA0B08EDA25B /* Paywall */ = {
			isa = PBXGroup;
			children = (
				5B5FF0F998DCDDD1C2D7DC06 /* PaywallView.swift */,
			);
			path = Paywall;
			sourceTree = "<group>";
		};
		4C3636651C0FB6A96DEE09C4 /* MindFriendApp */ = {
			isa = PBXGroup;
			children = (
				133F2CE7AA35093281EB930D /* App */,
				E07BD077743F197383217159 /* Core */,
				35264B9E5E5375C2F72528A7 /* Features */,
				631028ACD37CA07B9F85DAB4 /* Networking */,
				25A7C7C1CCAA3FEFCB09E504 /* Persistence */,
				526621A9FDD73912DD783EB9 /* Preview Content */,
				DEA4F446EE95A1E2384A299E /* Resources */,
				036621370DFAC7E7A6611883 /* Info.plist */,
				D7183242361CBB51E01BFD21 /* MindFriendApp.entitlements */,
				AD19E2219C48E7E03F76B460 /* PrivacyInfo.xcprivacy */,
			);
			path = MindFriendApp;
			sourceTree = "<group>";
		};
		5212FF8E863708234BCC496F /* Products */ = {
			isa = PBXGroup;
			children = (
				D614835452830884BA85A961 /* MindFriendApp.app */,
				8F6C96B1314DD92211F6CAD4 /* MindFriendAppTests.xctest */,
				D5960814096DE1C03C4EA278 /* MindFriendAppUITests.xctest */,
			);
			name = Products;
			sourceTree = "<group>";
		};
		526621A9FDD73912DD783EB9 /* Preview Content */ = {
			isa = PBXGroup;
			children = (
			);
			path = "Preview Content";
			sourceTree = "<group>";
		};
		631028ACD37CA07B9F85DAB4 /* Networking */ = {
			isa = PBXGroup;
			children = (
				18B857850E2E36381BF2FA93 /* Services */,
				6DC17A0743ED071EF51DDFD8 /* SupabaseClient.swift */,
			);
			path = Networking;
			sourceTree = "<group>";
		};
		68BB88C0FC1F5951399C46B9 /* Circles */ = {
			isa = PBXGroup;
			children = (
				5924F3CB5CA60B6DD68C1459 /* CirclesListView.swift */,
				CHGCD002493347E53EC5C762,
				INVMB002493347E53EC5C762,
				SNDHG002493347E53EC5C762,
				RACTPK02493347E53EC5C762,
			);
			path = Circles;
			sourceTree = "<group>";
		};
		8303D01A99DCA35C35FD8A51 /* Crisis */ = {
			isa = PBXGroup;
			children = (
				ADEF82AF8A7BCAA062CA1BDA /* CrisisResourcesView.swift */,
			);
			path = Crisis;
			sourceTree = "<group>";
		};
		8A6121F5BCAF1B51FCF9C617 /* MindFriendAppTests */ = {
			isa = PBXGroup;
			children = (
				39A519521BAC54826AC65757 /* MindFriendAppTests.swift */,
				B3AD861AAF4425ADED3B7DC1 /* ModelsTests.swift */,
				NOTIF002493347E53EC5C762,
				VSMT001493347E53EC5C762,
			);
			path = MindFriendAppTests;
			sourceTree = "<group>";
		};
		8E548C5CC1A91C74F13CA751 /* Utilities */ = {
			isa = PBXGroup;
			children = (
			);
			path = Utilities;
			sourceTree = "<group>";
		};
		9D1B4B2000C05DD736013F80 /* Exercises */ = {
			isa = PBXGroup;
			children = (
				EVBDG02493347E53EC5C762,
				4F92EBA52F3CBBB5C750E324 /* ExerciseLibraryView.swift */,
				MTHIS02493347E53EC5C762,
			);
			path = Exercises;
			sourceTree = "<group>";
		};
		9D4A124EED8A5F97E3CEDD16 /* Quests */ = {
			isa = PBXGroup;
			children = (
				QCVIEW02493347E53EC5C762,
				56417E06D522B4D73DEA20E7 /* QuestDetailView.swift */,
				A1291YV6YVZ7OPRWA1ZF5GXW,
			);
			path = Quests;
			sourceTree = "<group>";
		};
		A99FA53A908DEE1FE882CA7E /* Auth */ = {
			isa = PBXGroup;
			children = (
				696C905684F7F4ED064A764D /* SignInView.swift */,
			);
			path = Auth;
			sourceTree = "<group>";
		};
		A9D4D14B7938A1FA200DF64E /* Onboarding */ = {
			isa = PBXGroup;
			children = (
				7365E756D09C60F3075E9CF3 /* OnboardingFlow.swift */,
				TSTCR02493347E53EC5C762,
			);
			path = Onboarding;
			sourceTree = "<group>";
		};
		B7F9B81AB73CD4C7005F5FFD /* Profile */ = {
			isa = PBXGroup;
			children = (
				APPST01493347E53EC5C762,
				MSET1N381F4DC447434793A6,
				C01FD89BD82D62E6FECE438B /* OurApproachView.swift */,
				PRVBN02493347E53EC5C762,
				PROAC02493347E53EC5C762,
				FAMMG01493347E53EC5C762,
				82200F5D3BA38777360CDF95 /* ProfileView.swift */,
				SUBSC01493347E53EC5C762,
				C1D2E3F405162738495A6B7D /* VoiceSettingsView.swift */,
			);
			path = Profile;
			sourceTree = "<group>";
		};
		'BADGV03493347E53EC5C762' = {
			isa = PBXGroup;
			children = (
				BADGV02493347E53EC5C762,
			);
			path = Badges;
			sourceTree = "<group>";
		};
		BEED60DF5D864744832EF07D /* Accessibility */ = {
			isa = PBXGroup;
			children = (
				58AC3779493347E53EC5C762 /* AccessibilityHelpers.swift */,
				ASVC02493347E53EC5C762,
				ASMD02493347E53EC5C762,
				ACSV02493347E53EC5C762,
				CAPV02493347E53EC5C762,
				TRNV02493347E53EC5C762,
				LANGV02493347E53EC5C762,
				TXTV02493347E53EC5C762,
				VISV02493347E53EC5C762,
				SLVW02493347E53EC5C762,
				AFBV02493347E53EC5C762,
			);
			path = Accessibility;
			sourceTree = "<group>";
		};
		'BIOGRP01493347E53EC5C762' = {
			isa = PBXGroup;
			children = (
				BIOSV01493347E53EC5C762,
				BIODV01493347E53EC5C762,
				HKCSH01493347E53EC5C762,
				INSLV01493347E53EC5C762,
			);
			path = Biometrics;
			sourceTree = "<group>";
		};
		'BUDDYGRP001493347E53EC5C762' = {
			isa = PBXGroup;
			children = (
				INVBS01493347E53EC5C762,
			);
			path = Buddy;
			sourceTree = "<group>";
		};
		'CELEBGRP001493347E53EC5C762' = {
			isa = PBXGroup;
			children = (
				CELBV01493347E53EC5C762,
				CELSH01493347E53EC5C762,
				CELRB01493347E53EC5C762,
			);
			path = Celebration;
			sourceTree = "<group>";
		};
		'CRTVGRP01493347E53EC5C762' = {
			isa = PBXGroup;
			children = (
				CRGAL01493347E53EC5C762,
				DRWCV01493347E53EC5C762,
				VJRCV01493347E53EC5C762,
				ARTGV01493347E53EC5C762,
				CRHBV01493347E53EC5C762,
			);
			path = Creative;
			sourceTree = "<group>";
		};
		D0C41C13BD865BBCE6BCAC38 /* Mood */ = {
			isa = PBXGroup;
			children = (
				7B1767E6483AD92B2D78062F /* MoodCheckInView.swift */,
				02F723822B9E7EEAACBBD352 /* MoodHistoryView.swift */,
			);
			path = Mood;
			sourceTree = "<group>";
		};
		D1E2F3A405162738495A6B8C /* Services */ = {
			isa = PBXGroup;
			children = (
				A1B2C3D4E5F60718293A4B5D /* GrokVoiceService.swift */,
				60418A4AA355420291C65815 /* VoiceServiceProtocol.swift */,
				VCEGRP001493347E53EC5C77,
				HKSVC01493347E53EC5C762,
				8BFEAFFBA5736CC9172A7564 /* AchievementService.swift */,
			);
			path = Services;
			sourceTree = "<group>";
		};
		DAC74FD1316DB54253108C3C = {
			isa = PBXGroup;
			children = (
				DBGCFG001493347E53EC5C762,
				RELCFG001493347E53EC5C762,
				4C3636651C0FB6A96DEE09C4 /* MindFriendApp */,
				8A6121F5BCAF1B51FCF9C617 /* MindFriendAppTests */,
				FA3350F86FBD1253570FEE3B /* MindFriendAppUITests */,
				5212FF8E863708234BCC496F /* Products */,
				7EA94826B53A528751918B27 /* HabitServiceTests.swift */,
				F0044C419B6FFF4E50FF0B15 /* HabitNotificationServiceTests.swift */,
				6AA54827926170103E4127E9 /* RoutineTests.swift */,
			);
			sourceTree = "<group>";
		};
		DEA4F446EE95A1E2384A299E /* Resources */ = {
			isa = PBXGroup;
			children = (
				CFEC0910E4AFE443A36B1686 /* Assets.xcassets */,
				9F596496EC3949C7D88BEA2A /* Localizable.xcstrings */,
			);
			path = Resources;
			sourceTree = "<group>";
		};
		E00C280E8109CA17427D29A9 /* Chat */ = {
			isa = PBXGroup;
			children = (
				0F23129ED1C5F32293E113DF /* ChatListView.swift */,
				D9B5D3DCE698D378FB6588A8 /* ChatView.swift */,
				B1C2D3E4F5061728394A5B6D /* VoiceChatView.swift */,
			);
			path = Chat;
			sourceTree = "<group>";
		};
		E07BD077743F197383217159 /* Core */ = {
			isa = PBXGroup;
			children = (
				BEED60DF5D864744832EF07D /* Accessibility */,
				D1E2F3A405162738495A6B8C /* Services */,
				3EE683BCB5BF2C0266169127 /* Extensions */,
				VIEWSGRP01493347E53EC5C77,
				FDF617906AC54900BE9C1E7C /* Observability */,
				8E548C5CC1A91C74F13CA751 /* Utilities */,
				CONST01493347E53EC5C762,
				590C1A661399CE9EC2A66F1C /* Models.swift */,
				CELMD01493347E53EC5C762,
				PRGMD01493347E53EC5C762,
				BIOMD01493347E53EC5C762,
				26FCB1C4877346F08793DAE3 /* PersonalizationModels.swift */,
				08C259709AD456D7F6E78980 /* AchievementModels.swift */,
				93C47D8F62EA47E0B6701625 /* Services/PersonalizationService.swift */,
			);
			path = Core;
			sourceTree = "<group>";
		};
		FA3350F86FBD1253570FEE3B /* MindFriendAppUITests */ = {
			isa = PBXGroup;
			children = (
				6BE54CD60586499230BB363D /* MindFriendAppUITests.swift */,
				2B30540DE790CFD29EE26912 /* MindFriendAppUITestsLaunchTests.swift */,
			);
			path = MindFriendAppUITests;
			sourceTree = "<group>";
		};
		FDF617906AC54900BE9C1E7C /* Observability */ = {
			isa = PBXGroup;
			children = (
				61268AE19EEFC21688B5A4CE /* Analytics.swift */,
				979CA4C9C16981D7D441806F /* CrashReporter.swift */,
				CDBE266B4C294E2E9AEBD8BE /* SentryReplayMasking.swift */,
				LOG001493347E53EC5C762,
				11D48595D696D12CA48780AF /* NotificationManager.swift */,
			);
			path = Observability;
			sourceTree = "<group>";
		};
		'LIVEGRP01493347E53EC5C762' = {
			isa = PBXGroup;
			children = (
				LIVSV01493347E53EC5C762,
				ACTSV01493347E53EC5C762,
			);
			path = LiveSessions;
			sourceTree = "<group>";
		};
		'PRGRP01493347E53EC5C762' = {
			isa = PBXGroup;
			children = (
				PRGLV01493347E53EC5C762,
				PRGDV01493347E53EC5C762,
				PRGDY01493347E53EC5C762,
				ENRLS01493347E53EC5C762,
				CERTV01493347E53EC5C762,
			);
			path = Programs;
			sourceTree = "<group>";
		};
		'PROG003493347E53EC5C762' = {
			isa = PBXGroup;
			children = (
				LVLUP002493347E53EC5C762,
				LVLPV02493347E53EC5C762,
				SEASEC02493347E53EC5C762,
				SKLTV02493347E53EC5C762,
			);
			path = Progression;
			sourceTree = "<group>";
		};
		'PRSGRP01493347E53EC5C762' = {
			isa = PBXGroup;
			children = (
				PRSYOV01493347E53EC5C762,
				PRSIOV01493347E53EC5C762,
				PRSSV01493347E53EC5C762,
				PRSQHV01493347E53EC5C762,
				PRSSGV01493347E53EC5C762,
				PRSCTV01493347E53EC5C762,
				PRSCPV01493347E53EC5C762,
			);
			path = Personalization;
			sourceTree = "<group>";
		};
		'SUBSCGRP01493347E53EC5C762' = {
			isa = PBXGroup;
			children = (
				PROMO01493347E53EC5C762,
				GIFTP01493347E53EC5C762,
				HSAFS01493347E53EC5C762,
				FTCMP01493347E53EC5C762,
				PLNCD01493347E53EC5C762,
			);
			path = Subscription;
			sourceTree = "<group>";
		};
		'VCEGRP001493347E53EC5C77' = {
			isa = PBXGroup;
			children = (
				46938BB0F51347729AF9099B /* VoiceWebSocketManager.swift */,
				2C9EF470938C4B0BAA62606D /* VoiceAudioCapture.swift */,
				03E223AF44DB41EF97780875 /* VoiceAudioPlayback.swift */,
			);
			path = Voice;
			sourceTree = "<group>";
		};
		'VCMDGRP001493347E53EC5C762' = {
			isa = PBXGroup;
			children = (
				AUDLV01493347E53EC5C762,
				ORBVW01493347E53EC5C762,
				VCMDV01493347E53EC5C762,
				VCSM001493347E53EC5C762,
				D5080539168C40C7A52261C4 /* VoiceCoordinator.swift */,
			);
			path = VoiceMode;
			sourceTree = "<group>";
		};
		'VIEWSGRP01493347E53EC5C77' = {
			isa = PBXGroup;
			children = (
				CDF072AA2C6443C28F410FA9 /* FlowLayout.swift */,
			);
			path = Views;
			sourceTree = "<group>";
		};
		'WKINS03493347E53EC5C762' = {
			isa = PBXGroup;
			children = (
				PTRNS02493347E53EC5C762,
				WKINS02493347E53EC5C762,
			);
			path = Insights;
			sourceTree = "<group>";
		};
/* End PBXGroup section */

/* Begin PBXNativeTarget section */
		40A8EC686A325E0B068EF7BE /* MindFriendAppUITests */ = {
			isa = PBXNativeTarget;
			buildConfigurationList = BA0F8BD5A5173B89A2E83FB0 /* Build configuration list for PBXNativeTarget "MindFriendAppUITests" */;
			buildPhases = (
				51BAC779E00BEA6D33A2C31C /* Sources */,
			);
			buildRules = (
			);
			dependencies = (
				A328DDE4577AB7ACE72549FE /* PBXTargetDependency */,
			);
			name = MindFriendAppUITests;
			packageProductDependencies = (
			);
			productName = MindFriendAppUITests;
			productReference = D5960814096DE1C03C4EA278 /* MindFriendAppUITests.xctest */;
			productType = "com.apple.product-type.bundle.ui-testing";
		};
		43350467C820B3F79D1610C0 /* MindFriendApp */ = {
			isa = PBXNativeTarget;
			buildConfigurationList = 1B21BF4077993E3B3B8E01B8 /* Build configuration list for PBXNativeTarget "MindFriendApp" */;
			buildPhases = (
				42988D5D72C66827A0479F44 /* Sources */,
				194BB585854F173C891F3128 /* Resources */,
				6402F7403C47F6D25B5BF55F /* Frameworks */,
			);
			buildRules = (
			);
			dependencies = (
			);
			name = MindFriendApp;
			packageProductDependencies = (
				FD60B14EB159EE48E6267895 /* GoogleSignIn */,
				7A72FA6A11C7BA5D56CFD12A /* Sentry */,
				SENTRYSWIFTUI002,
				955787D5047932A68D162322 /* Supabase */,
			);
			productName = MindFriendApp;
			productReference = D614835452830884BA85A961 /* MindFriendApp.app */;
			productType = "com.apple.product-type.application";
		};
		5472D9F443F09A7570A3CA38 /* MindFriendAppTests */ = {
			isa = PBXNativeTarget;
			buildConfigurationList = 3B7CCD4BD65F1E31794B4019 /* Build configuration list for PBXNativeTarget "MindFriendAppTests" */;
			buildPhases = (
				3CB051CD8E2D46615CF3D0CD /* Sources */,
			);
			buildRules = (
			);
			dependencies = (
				647D689DED5DED31C702609E /* PBXTargetDependency */,
			);
			name = MindFriendAppTests;
			packageProductDependencies = (
			);
			productName = MindFriendAppTests;
			productReference = 8F6C96B1314DD92211F6CAD4 /* MindFriendAppTests.xctest */;
			productType = "com.apple.product-type.bundle.unit-test";
		};
/* End PBXNativeTarget section */

/* Begin PBXProject section */
		E9A86A33D927851568117E31 /* Project object */ = {
			isa = PBXProject;
			attributes = {
				BuildIndependentTargetsInParallel = YES;
				LastUpgradeCheck = 1500;
				TargetAttributes = {
					40A8EC686A325E0B068EF7BE = {
						DevelopmentTeam = "";
						ProvisioningStyle = Automatic;
						TestTargetID = 43350467C820B3F79D1610C0;
					};
					43350467C820B3F79D1610C0 = {
						DevelopmentTeam = "";
						ProvisioningStyle = Automatic;
					};
					5472D9F443F09A7570A3CA38 = {
						DevelopmentTeam = "";
						ProvisioningStyle = Automatic;
					};
				};
			};
			buildConfigurationList = AA9C19BAC1642B82B92F2FF9 /* Build configuration list for PBXProject "MindFriendApp" */;
			compatibilityVersion = "Xcode 14.0";
			developmentRegion = en;
			hasScannedForEncodings = 0;
			knownRegions = (
				Base,
				en,
			);
			mainGroup = DAC74FD1316DB54253108C3C;
			minimizedProjectReferenceProxies = 1;
			packageReferences = (
				927CE705CDFCAF30998EEC7C /* XCRemoteSwiftPackageReference "GoogleSignIn-iOS" */,
				037D9C3CC1A62D1C60BE7523 /* XCRemoteSwiftPackageReference "sentry-cocoa" */,
				AFF5FC3EB58303125F65E167 /* XCRemoteSwiftPackageReference "supabase-swift" */,
			);
			projectDirPath = "";
			projectRoot = "";
			targets = (
				43350467C820B3F79D1610C0 /* MindFriendApp */,
				5472D9F443F09A7570A3CA38 /* MindFriendAppTests */,
				40A8EC686A325E0B068EF7BE /* MindFriendAppUITests */,
			);
		};
/* End PBXProject section */

/* Begin PBXResourcesBuildPhase section */
		194BB585854F173C891F3128 /* Resources */ = {
			isa = PBXResourcesBuildPhase;
			buildActionMask = 2147483647;
			files = (
				68D87E1C574A556BB7B8B4B2 /* Assets.xcassets in Resources */,
				9AEE776A21837E570BA0273D /* Localizable.xcstrings in Resources */,
				C7DEAB17670F693A69D83D63 /* PrivacyInfo.xcprivacy in Resources */,
			);
			runOnlyForDeploymentPostprocessing = 0;
		};
/* End PBXResourcesBuildPhase section */

/* Begin PBXSourcesBuildPhase section */
		3CB051CD8E2D46615CF3D0CD /* Sources */ = {
			isa = PBXSourcesBuildPhase;
			buildActionMask = 2147483647;
			files = (
																67641D749BE1458BAD0C086B /* BusinessModels_Stub.swift in Sources */,
5E63AE9A31A045FA88777CEC /* BusinessModels.swift in Sources */,
				F890AACB0D254C97B759B424 /* ChallengeModels.swift in Sources */,
				0B3B447E00E9419B919AA7B1 /* OutcomeModels.swift in Sources */,
				763CE9B8CCB548518B327072 /* JournalModels.swift in Sources */,
				AD73076B102147E6858F5150 /* SleepModels.swift in Sources */,
				1118A46459354B71879A2857 /* SoundscapeModels.swift in Sources */,
				8D8F683DFB3F49B8A7044D89 /* AudioModels.swift in Sources */,
				AE66BF316F274E92A1110702 /* CouplesModels.swift in Sources */,
8BDBA0B63CB441CBB00FC69D /* HabitService.swift in Sources */,
				9C7DB6DB95BA4C2E9710A49B /* HabitNotificationService.swift in Sources */,
				F4A72D9DA6644BF3B2464D80 /* HabitModels.swift in Sources */,
				8794B91CD0FC4C369C6E113A /* RoutineModels.swift in Sources */,
974C3C1CB34BA05D7803A6B1 /* MindFriendAppTests.swift in Sources */,
				B91CF16BEA9D3E21EEEA7F23 /* ModelsTests.swift in Sources */,
				NOTIF001BC23C3C719CD3C9F,
				VSMT002BC23C3C719CD3C9F,
				PRGLV01BC23C3C719CD3C9F,
				PRGDV01BC23C3C719CD3C9F,
				PRGDY01BC23C3C719CD3C9F,
				ENRLS01BC23C3C719CD3C9F,
				CERTV01BC23C3C719CD3C9F,
				DCAD479F9DE6B836729A3468 /* HabitServiceTests.swift in Sources */,
				8C6C4ADA8BE8C74CBCC1CF84 /* HabitNotificationServiceTests.swift in Sources */,
				A8F742E1B8DCA0D131BCADF6 /* RoutineTests.swift in Sources */,
			);
			runOnlyForDeploymentPostprocessing = 0;
		};
		42988D5D72C66827A0479F44 /* Sources */ = {
			isa = PBXSourcesBuildPhase;
			buildActionMask = 2147483647;
			files = (
				00EE7C42BC23C3C719CD3C9F /* AccessibilityHelpers.swift in Sources */,
				ASVC02BC23C3C719CD3C9F,
				ASMD02BC23C3C719CD3C9F,
				ACSV02BC23C3C719CD3C9F,
				CAPV02BC23C3C719CD3C9F,
				TRNV02BC23C3C719CD3C9F,
				LANGV02BC23C3C719CD3C9F,
				TXTV02BC23C3C719CD3C9F,
				VISV02BC23C3C719CD3C9F,
				SLVW02BC23C3C719CD3C9F,
				AFBV02BC23C3C719CD3C9F,
				APPST01BC23C3C719CD3C9F,
				72C7488CC7539553EDEBBD66 /* Analytics.swift in Sources */,
				LVLUP001BC23C3C719CD3C9F,
				LVLPV01BC23C3C719CD3C9F,
				SEASEC01BC23C3C719CD3C9F,
				SKLTV01BC23C3C719CD3C9F,
				F4FB71A9382B13545ABF6892 /* AppDelegate.swift in Sources */,
				DAAE938C73E63049B0B55577 /* AppState.swift in Sources */,
				90FC15DD7E2DF30DF0129975 /* BillingService.swift in Sources */,
				61072C4F4C2CA090E0693617 /* ChatListView.swift in Sources */,
				C486D3A26A0E2ACEF2D481E3 /* ChatService.swift in Sources */,
				A1B2C3D4E5F60718293A4B5C /* GrokVoiceService.swift in Sources */,
				140444289FD34973B997C863 /* FlowLayout.swift in Sources */,
				A3EE341DBF3431675011E3EA /* AchievementModels.swift in Sources */,
				1DA666D60C73D3138CCD761A /* AchievementService.swift in Sources */,
				214F9CA89B7A0DA8EB602A1D /* AchievementsView.swift in Sources */,
				D4D177E865651A197CE13108 /* BadgeEarnedView.swift in Sources */,
				023AD12FB40B4587B98E3EED /* VoiceServiceProtocol.swift in Sources */,
				F2C47EFC6DDD40DAA8E206B0 /* VoiceCoordinator.swift in Sources */,
				ECD96C7A4FFF4DEA90C7DA9D /* VoiceWebSocketManager.swift in Sources */,
				83D90F02FE50458DBA069A15 /* VoiceAudioCapture.swift in Sources */,
				6D51EBCF88A04BF891E811BE /* VoiceAudioPlayback.swift in Sources */,
				E1030DDD6EA67DE792FC0EA9 /* ChatView.swift in Sources */,
				B1C2D3E4F5061728394A5B6C /* VoiceChatView.swift in Sources */,
				6AB643243D2B2A4AB70C2BCE /* CirclesListView.swift in Sources */,
				CHGCD001BC23C3C719CD3C9F,
				INVMB001BC23C3C719CD3C9F,
				SNDHG001BC23C3C719CD3C9F,
				RACTPK01BC23C3C719CD3C9F,
				1D9648B788FA1CE3F884D6C2 /* CrashReporter.swift in Sources */,
				53223098555D450BA1DB733E /* SentryReplayMasking.swift in Sources */,
				D7983F03DE68BC98813BA3F9 /* CrisisResourcesView.swift in Sources */,
				D1F325EDEB5541EC8A50C890 /* DependencyContainer.swift in Sources */,
				E6EED5A733602749522F3268 /* ExerciseLibraryView.swift in Sources */,
				10F822CF68E88F0D2C1ED0A1 /* HomeView.swift in Sources */,
				AF4311AD9FE9B5E6CE2FF67F /* MainTabView.swift in Sources */,
				CWJP19PGNIJ8EFMZ9JDIJHPL,
				XC4M462EP5P159LUXZLHR0VG,
				HQU2V1695BQ2J465WZR0OXUL,
				YDTG50YCRCBUQMCNZ37MF5HN,
				F1476D5E4623CF0C7ADAA932 /* MindFriendApp.swift in Sources */,
				D8E4822B342B617BD084FF5D /* Models.swift in Sources */,
				FFEFDCF3B740D8AC11D8B869 /* MoodCheckInView.swift in Sources */,
				55CF492A8E8E31AFCDC97585 /* MoodHistoryView.swift in Sources */,
				A5474E6B7F8B0C254B58CF3F /* NotificationManager.swift in Sources */,
				ECA7E72D2F1C3340B1701843 /* OnboardingFlow.swift in Sources */,
				B40A43B423E72AA1F065EB77 /* PaywallView.swift in Sources */,
				5F9209BCB7442D68F9FB9951 /* ProfileView.swift in Sources */,
				C1D2E3F405162738495A6B7C /* VoiceSettingsView.swift in Sources */,
				M3M0RY5FCBCE702B474FE38F,
				BB05FADB0C212D3022B64E51 /* QuestDetailView.swift in Sources */,
				QCVIEW01BC23C3C719CD3C9F,
				51469850038B79FAAEFEDE8B /* SignInView.swift in Sources */,
				5EA99C5F974AED3B959DEDD9 /* SupabaseAuthService.swift in Sources */,
				8EDE2AFDFD48327004543A74 /* SupabaseClient.swift in Sources */,
				5D362D1C4FFEF0F20D86A0A5 /* SupabaseDataService.swift in Sources */,
				WKINS01BC23C3C719CD3C9F,
				PTRNS01BC23C3C719CD3C9F,
				PROAC01BC23C3C719CD3C9F,
				BADGV01BC23C3C719CD3C9F,
				EVBDG01BC23C3C719CD3C9F,
				MTHIS01BC23C3C719CD3C9F,
				PRVBN01BC23C3C719CD3C9F,
				B2336477E0B7988469DAB14C /* OurApproachView.swift in Sources */,
				TSTCR01BC23C3C719CD3C9F,
				LOG001BC23C3C719CD3C9F,
				CONST01BC23C3C719CD3C9F,
				SUBSC01BC23C3C719CD3C9F,
				PROMO01BC23C3C719CD3C9F,
				GIFTP01BC23C3C719CD3C9F,
				HSAFS01BC23C3C719CD3C9F,
				FTCMP01BC23C3C719CD3C9F,
				PLNCD01BC23C3C719CD3C9F,
				FAMMG01BC23C3C719CD3C9F,
				AUDLV02BC23C3C719CD3C9F,
				ORBVW02BC23C3C719CD3C9F,
				VCMDV02BC23C3C719CD3C9F,
				VCSM002BC23C3C719CD3C9F,
				WLCBK02BC23C3C719CD3C9F,
				WYMCD02BC23C3C719CD3C9F,
				CELBV01BC23C3C719CD3C9F,
				CELSH01BC23C3C719CD3C9F,
				CELRB01BC23C3C719CD3C9F,
				CELMD01BC23C3C719CD3C9F,
				PRGMD01BC23C3C719CD3C9F,
				LVSVC01BC23C3C719CD3C9F,
				CREEX01BC23C3C719CD3C9F,
				BIOMD01BC23C3C719CD3C9F,
				HKSVC01BC23C3C719CD3C9F,
				BIOSV01BC23C3C719CD3C9F,
				BIODV01BC23C3C719CD3C9F,
				HKCSH01BC23C3C719CD3C9F,
				INSLV01BC23C3C719CD3C9F,
				ARTGV01BC23C3C719CD3C9F,
				CRHBV01BC23C3C719CD3C9F,
				CRGAL01BC23C3C719CD3C9F,
				DRWCV01BC23C3C719CD3C9F,
				VJRCV01BC23C3C719CD3C9F,
				LIVSV01BC23C3C719CD3C9F,
				ACTSV01BC23C3C719CD3C9F,
				INVBS01BC23C3C719CD3C9F,
				PRGLV01BC23C3C719CD3C9F,
				PRGDV01BC23C3C719CD3C9F,
				PRGDY01BC23C3C719CD3C9F,
				ENRLS01BC23C3C719CD3C9F,
				CERTV01BC23C3C719CD3C9F,
				33AFBC4DE3A74C26AE988F84 /* PersonalizationModels.swift in Sources */,
				74C7A829F4C44BCBA697AB32 /* Services/PersonalizationService.swift in Sources */,
				PRSYOV02BC23C3C719CD3C9F,
				PRSIOV02BC23C3C719CD3C9F,
				PRSSV02BC23C3C719CD3C9F,
				PRSQHV02BC23C3C719CD3C9F,
				PRSSGV02BC23C3C719CD3C9F,
				PRSCTV02BC23C3C719CD3C9F,
				PRSCPV02BC23C3C719CD3C9F,
			);
			runOnlyForDeploymentPostprocessing = 0;
		};
		51BAC779E00BEA6D33A2C31C /* Sources */ = {
			isa = PBXSourcesBuildPhase;
			buildActionMask = 2147483647;
			files = (
				A6F6023CE91C852CE142768D /* MindFriendAppUITests.swift in Sources */,
				8C69FD3E61C57A289E462CF3 /* MindFriendAppUITestsLaunchTests.swift in Sources */,
			);
			runOnlyForDeploymentPostprocessing = 0;
		};
/* End PBXSourcesBuildPhase section */

/* Begin PBXTargetDependency section */
		647D689DED5DED31C702609E /* PBXTargetDependency */ = {
			isa = PBXTargetDependency;
			target = 43350467C820B3F79D1610C0 /* MindFriendApp */;
			targetProxy = 7D15D183DAD839CB46975823 /* PBXContainerItemProxy */;
		};
		A328DDE4577AB7ACE72549FE /* PBXTargetDependency */ = {
			isa = PBXTargetDependency;
			target = 43350467C820B3F79D1610C0 /* MindFriendApp */;
			targetProxy = A1A6AD93D85DADC1FC6BACDC /* PBXContainerItemProxy */;
		};
/* End PBXTargetDependency section */

/* Begin XCBuildConfiguration section */
		080611F49D2DEE9AEF266477 /* Debug */ = {
			isa = XCBuildConfiguration;
			buildSettings = {
				ASSETCATALOG_COMPILER_APPICON_NAME = AppIcon;
				ASSETCATALOG_COMPILER_GLOBAL_ACCENT_COLOR_NAME = AccentColor;
				CODE_SIGN_ENTITLEMENTS = MindFriendApp/MindFriendApp.entitlements;
				CODE_SIGN_IDENTITY = "iPhone Developer";
				ENABLE_PREVIEWS = YES;
				GENERATE_INFOPLIST_FILE = NO;
				INFOPLIST_FILE = MindFriendApp/Info.plist;
				INFOPLIST_KEY_LSApplicationCategoryType = "public.app-category.healthcare-fitness";
				LD_RUNPATH_SEARCH_PATHS = (
					"$(inherited)",
					"@executable_path/Frameworks",
				);
				PRODUCT_BUNDLE_IDENTIFIER = com.mindfriend.app;
				SDKROOT = iphoneos;
				SWIFT_EMIT_LOC_STRINGS = YES;
				TARGETED_DEVICE_FAMILY = "1,2";
			};
			name = Debug;
		};
		1BCB5033768C42868A850C9C /* Debug */ = {
			isa = XCBuildConfiguration;
			buildSettings = {
				BUNDLE_LOADER = "$(TEST_HOST)";
				GENERATE_INFOPLIST_FILE = YES;
				LD_RUNPATH_SEARCH_PATHS = (
					"$(inherited)",
					"@executable_path/Frameworks",
					"@loader_path/Frameworks",
				);
				PRODUCT_BUNDLE_IDENTIFIER = com.mindfriend.app.tests;
				SDKROOT = iphoneos;
				TARGETED_DEVICE_FAMILY = "1,2";
				TEST_HOST = "$(BUILT_PRODUCTS_DIR)/MindFriendApp.app/$(BUNDLE_EXECUTABLE_FOLDER_PATH)/MindFriendApp";
			};
			name = Debug;
		};
		2BA9011410D3B44F81D6F2EE /* Debug */ = {
			isa = XCBuildConfiguration;
			baseConfigurationReference = DBGCFG001493347E53EC5C762;
			buildSettings = {
				ALWAYS_SEARCH_USER_PATHS = NO;
				CLANG_ANALYZER_NONNULL = YES;
				CLANG_ANALYZER_NUMBER_OBJECT_CONVERSION = YES_AGGRESSIVE;
				CLANG_CXX_LANGUAGE_STANDARD = "gnu++14";
				CLANG_CXX_LIBRARY = "libc++";
				CLANG_ENABLE_MODULES = YES;
				CLANG_ENABLE_OBJC_ARC = YES;
				CLANG_ENABLE_OBJC_WEAK = YES;
				CLANG_WARN_BLOCK_CAPTURE_AUTORELEASING = YES;
				CLANG_WARN_BOOL_CONVERSION = YES;
				CLANG_WARN_COMMA = YES;
				CLANG_WARN_CONSTANT_CONVERSION = YES;
				CLANG_WARN_DEPRECATED_OBJC_IMPLEMENTATIONS = YES;
				CLANG_WARN_DIRECT_OBJC_ISA_USAGE = YES_ERROR;
				CLANG_WARN_DOCUMENTATION_COMMENTS = YES;
				CLANG_WARN_EMPTY_BODY = YES;
				CLANG_WARN_ENUM_CONVERSION = YES;
				CLANG_WARN_INFINITE_RECURSION = YES;
				CLANG_WARN_INT_CONVERSION = YES;
				CLANG_WARN_NON_LITERAL_NULL_CONVERSION = YES;
				CLANG_WARN_OBJC_IMPLICIT_RETAIN_SELF = YES;
				CLANG_WARN_OBJC_LITERAL_CONVERSION = YES;
				CLANG_WARN_OBJC_ROOT_CLASS = YES_ERROR;
				CLANG_WARN_QUOTED_INCLUDE_IN_FRAMEWORK_HEADER = YES;
				CLANG_WARN_RANGE_LOOP_ANALYSIS = YES;
				CLANG_WARN_STRICT_PROTOTYPES = YES;
				CLANG_WARN_SUSPICIOUS_MOVE = YES;
				CLANG_WARN_UNGUARDED_AVAILABILITY = YES_AGGRESSIVE;
				CLANG_WARN_UNREACHABLE_CODE = YES;
				CLANG_WARN__DUPLICATE_METHOD_MATCH = YES;
				CODE_SIGN_STYLE = Automatic;
				COPY_PHASE_STRIP = NO;
				CURRENT_PROJECT_VERSION = 1;
				DEBUG_INFORMATION_FORMAT = dwarf;
				DEVELOPMENT_TEAM = 25H5DDPKAC;
				ENABLE_STRICT_OBJC_MSGSEND = YES;
				ENABLE_TESTABILITY = YES;
				GCC_C_LANGUAGE_STANDARD = gnu11;
				GCC_DYNAMIC_NO_PIC = NO;
				GCC_NO_COMMON_BLOCKS = YES;
				GCC_OPTIMIZATION_LEVEL = 0;
				GCC_PREPROCESSOR_DEFINITIONS = (
					"$(inherited)",
					"DEBUG=1",
				);
				GCC_WARN_64_TO_32_BIT_CONVERSION = YES;
				GCC_WARN_ABOUT_RETURN_TYPE = YES_ERROR;
				GCC_WARN_UNDECLARED_SELECTOR = YES;
				GCC_WARN_UNINITIALIZED_AUTOS = YES_AGGRESSIVE;
				GCC_WARN_UNUSED_FUNCTION = YES;
				GCC_WARN_UNUSED_VARIABLE = YES;
				IPHONEOS_DEPLOYMENT_TARGET = 17.0;
				MARKETING_VERSION = 1.0.0;
				MTL_ENABLE_DEBUG_INFO = INCLUDE_SOURCE;
				MTL_FAST_MATH = YES;
				ONLY_ACTIVE_ARCH = YES;
				PRODUCT_NAME = "$(TARGET_NAME)";
				SDKROOT = iphoneos;
				SWIFT_ACTIVE_COMPILATION_CONDITIONS = DEBUG;
				SWIFT_OPTIMIZATION_LEVEL = "-Onone";
				SWIFT_VERSION = 5.9;
			};
			name = Debug;
		};
		51E864D37A43A7F7463CFE1D /* Release */ = {
			isa = XCBuildConfiguration;
			buildSettings = {
				ASSETCATALOG_COMPILER_APPICON_NAME = AppIcon;
				ASSETCATALOG_COMPILER_GLOBAL_ACCENT_COLOR_NAME = AccentColor;
				CODE_SIGN_ENTITLEMENTS = MindFriendApp/MindFriendApp.entitlements;
				CODE_SIGN_IDENTITY = "iPhone Developer";
				ENABLE_PREVIEWS = YES;
				GENERATE_INFOPLIST_FILE = NO;
				INFOPLIST_FILE = MindFriendApp/Info.plist;
				INFOPLIST_KEY_LSApplicationCategoryType = "public.app-category.healthcare-fitness";
				LD_RUNPATH_SEARCH_PATHS = (
					"$(inherited)",
					"@executable_path/Frameworks",
				);
				PRODUCT_BUNDLE_IDENTIFIER = com.mindfriend.app;
				SDKROOT = iphoneos;
				SWIFT_EMIT_LOC_STRINGS = YES;
				TARGETED_DEVICE_FAMILY = "1,2";
			};
			name = Release;
		};
		889C905E5FE8C1718B33DED4 /* Debug */ = {
			isa = XCBuildConfiguration;
			buildSettings = {
				BUNDLE_LOADER = "$(TEST_HOST)";
				GENERATE_INFOPLIST_FILE = YES;
				LD_RUNPATH_SEARCH_PATHS = (
					"$(inherited)",
					"@executable_path/Frameworks",
					"@loader_path/Frameworks",
				);
				PRODUCT_BUNDLE_IDENTIFIER = com.mindfriend.app.uitests;
				SDKROOT = iphoneos;
				TARGETED_DEVICE_FAMILY = "1,2";
				TEST_TARGET_NAME = MindFriendApp;
			};
			name = Debug;
		};
		92DAFC661725209A615D129B /* Release */ = {
			isa = XCBuildConfiguration;
			baseConfigurationReference = RELCFG001493347E53EC5C762;
			buildSettings = {
				ALWAYS_SEARCH_USER_PATHS = NO;
				CLANG_ANALYZER_NONNULL = YES;
				CLANG_ANALYZER_NUMBER_OBJECT_CONVERSION = YES_AGGRESSIVE;
				CLANG_CXX_LANGUAGE_STANDARD = "gnu++14";
				CLANG_CXX_LIBRARY = "libc++";
				CLANG_ENABLE_MODULES = YES;
				CLANG_ENABLE_OBJC_ARC = YES;
				CLANG_ENABLE_OBJC_WEAK = YES;
				CLANG_WARN_BLOCK_CAPTURE_AUTORELEASING = YES;
				CLANG_WARN_BOOL_CONVERSION = YES;
				CLANG_WARN_COMMA = YES;
				CLANG_WARN_CONSTANT_CONVERSION = YES;
				CLANG_WARN_DEPRECATED_OBJC_IMPLEMENTATIONS = YES;
				CLANG_WARN_DIRECT_OBJC_ISA_USAGE = YES_ERROR;
				CLANG_WARN_DOCUMENTATION_COMMENTS = YES;
				CLANG_WARN_EMPTY_BODY = YES;
				CLANG_WARN_ENUM_CONVERSION = YES;
				CLANG_WARN_INFINITE_RECURSION = YES;
				CLANG_WARN_INT_CONVERSION = YES;
				CLANG_WARN_NON_LITERAL_NULL_CONVERSION = YES;
				CLANG_WARN_OBJC_IMPLICIT_RETAIN_SELF = YES;
				CLANG_WARN_OBJC_LITERAL_CONVERSION = YES;
				CLANG_WARN_OBJC_ROOT_CLASS = YES_ERROR;
				CLANG_WARN_QUOTED_INCLUDE_IN_FRAMEWORK_HEADER = YES;
				CLANG_WARN_RANGE_LOOP_ANALYSIS = YES;
				CLANG_WARN_STRICT_PROTOTYPES = YES;
				CLANG_WARN_SUSPICIOUS_MOVE = YES;
				CLANG_WARN_UNGUARDED_AVAILABILITY = YES_AGGRESSIVE;
				CLANG_WARN_UNREACHABLE_CODE = YES;
				CLANG_WARN__DUPLICATE_METHOD_MATCH = YES;
				CODE_SIGN_STYLE = Automatic;
				COPY_PHASE_STRIP = NO;
				CURRENT_PROJECT_VERSION = 1;
				DEBUG_INFORMATION_FORMAT = "dwarf-with-dsym";
				DEVELOPMENT_TEAM = 25H5DDPKAC;
				ENABLE_NS_ASSERTIONS = NO;
				ENABLE_STRICT_OBJC_MSGSEND = YES;
				GCC_C_LANGUAGE_STANDARD = gnu11;
				GCC_NO_COMMON_BLOCKS = YES;
				GCC_WARN_64_TO_32_BIT_CONVERSION = YES;
				GCC_WARN_ABOUT_RETURN_TYPE = YES_ERROR;
				GCC_WARN_UNDECLARED_SELECTOR = YES;
				GCC_WARN_UNINITIALIZED_AUTOS = YES_AGGRESSIVE;
				GCC_WARN_UNUSED_FUNCTION = YES;
				GCC_WARN_UNUSED_VARIABLE = YES;
				IPHONEOS_DEPLOYMENT_TARGET = 17.0;
				MARKETING_VERSION = 1.0.0;
				MTL_ENABLE_DEBUG_INFO = NO;
				MTL_FAST_MATH = YES;
				PRODUCT_NAME = "$(TARGET_NAME)";
				SDKROOT = iphoneos;
				SWIFT_COMPILATION_MODE = wholemodule;
				SWIFT_OPTIMIZATION_LEVEL = "-O";
				SWIFT_VERSION = 5.9;
			};
			name = Release;
		};
		983BAFC5E4A163D2561D9E82 /* Release */ = {
			isa = XCBuildConfiguration;
			buildSettings = {
				BUNDLE_LOADER = "$(TEST_HOST)";
				GENERATE_INFOPLIST_FILE = YES;
				LD_RUNPATH_SEARCH_PATHS = (
					"$(inherited)",
					"@executable_path/Frameworks",
					"@loader_path/Frameworks",
				);
				PRODUCT_BUNDLE_IDENTIFIER = com.mindfriend.app.uitests;
				SDKROOT = iphoneos;
				TARGETED_DEVICE_FAMILY = "1,2";
				TEST_TARGET_NAME = MindFriendApp;
			};
			name = Release;
		};
		A178434075879493B426B8A5 /* Release */ = {
			isa = XCBuildConfiguration;
			buildSettings = {
				BUNDLE_LOADER = "$(TEST_HOST)";
				GENERATE_INFOPLIST_FILE = YES;
				LD_RUNPATH_SEARCH_PATHS = (
					"$(inherited)",
					"@executable_path/Frameworks",
					"@loader_path/Frameworks",
				);
				PRODUCT_BUNDLE_IDENTIFIER = com.mindfriend.app.tests;
				SDKROOT = iphoneos;
				TARGETED_DEVICE_FAMILY = "1,2";
				TEST_HOST = "$(BUILT_PRODUCTS_DIR)/MindFriendApp.app/$(BUNDLE_EXECUTABLE_FOLDER_PATH)/MindFriendApp";
			};
			name = Release;
		};
/* End XCBuildConfiguration section */

/* Begin XCConfigurationList section */
		1B21BF4077993E3B3B8E01B8 /* Build configuration list for PBXNativeTarget "MindFriendApp" */ = {
			isa = XCConfigurationList;
			buildConfigurations = (
				080611F49D2DEE9AEF266477 /* Debug */,
				51E864D37A43A7F7463CFE1D /* Release */,
			);
			defaultConfigurationIsVisible = 0;
			defaultConfigurationName = Debug;
		};
		3B7CCD4BD65F1E31794B4019 /* Build configuration list for PBXNativeTarget "MindFriendAppTests" */ = {
			isa = XCConfigurationList;
			buildConfigurations = (
				1BCB5033768C42868A850C9C /* Debug */,
				A178434075879493B426B8A5 /* Release */,
			);
			defaultConfigurationIsVisible = 0;
			defaultConfigurationName = Debug;
		};
		AA9C19BAC1642B82B92F2FF9 /* Build configuration list for PBXProject "MindFriendApp" */ = {
			isa = XCConfigurationList;
			buildConfigurations = (
				2BA9011410D3B44F81D6F2EE /* Debug */,
				92DAFC661725209A615D129B /* Release */,
			);
			defaultConfigurationIsVisible = 0;
			defaultConfigurationName = Debug;
		};
		BA0F8BD5A5173B89A2E83FB0 /* Build configuration list for PBXNativeTarget "MindFriendAppUITests" */ = {
			isa = XCConfigurationList;
			buildConfigurations = (
				889C905E5FE8C1718B33DED4 /* Debug */,
				983BAFC5E4A163D2561D9E82 /* Release */,
			);
			defaultConfigurationIsVisible = 0;
			defaultConfigurationName = Debug;
		};
/* End XCConfigurationList section */

/* Begin XCRemoteSwiftPackageReference section */
		037D9C3CC1A62D1C60BE7523 /* XCRemoteSwiftPackageReference "sentry-cocoa" */ = {
			isa = XCRemoteSwiftPackageReference;
			repositoryURL = "https://github.com/getsentry/sentry-cocoa";
			requirement = {
				kind = upToNextMajorVersion;
				minimumVersion = 9.0.0;
			};
		};
		927CE705CDFCAF30998EEC7C /* XCRemoteSwiftPackageReference "GoogleSignIn-iOS" */ = {
			isa = XCRemoteSwiftPackageReference;
			repositoryURL = "https://github.com/google/GoogleSignIn-iOS";
			requirement = {
				kind = upToNextMajorVersion;
				minimumVersion = 8.0.0;
			};
		};
		AFF5FC3EB58303125F65E167 /* XCRemoteSwiftPackageReference "supabase-swift" */ = {
			isa = XCRemoteSwiftPackageReference;
			repositoryURL = "https://github.com/supabase/supabase-swift";
			requirement = {
				kind = upToNextMajorVersion;
				minimumVersion = 2.0.0;
			};
		};
/* End XCRemoteSwiftPackageReference section */

/* Begin XCSwiftPackageProductDependency section */
		7A72FA6A11C7BA5D56CFD12A /* Sentry */ = {
			isa = XCSwiftPackageProductDependency;
			package = 037D9C3CC1A62D1C60BE7523 /* XCRemoteSwiftPackageReference "sentry-cocoa" */;
			productName = Sentry;
		};
		955787D5047932A68D162322 /* Supabase */ = {
			isa = XCSwiftPackageProductDependency;
			package = AFF5FC3EB58303125F65E167 /* XCRemoteSwiftPackageReference "supabase-swift" */;
			productName = Supabase;
		};
		FD60B14EB159EE48E6267895 /* GoogleSignIn */ = {
			isa = XCSwiftPackageProductDependency;
			package = 927CE705CDFCAF30998EEC7C /* XCRemoteSwiftPackageReference "GoogleSignIn-iOS" */;
			productName = GoogleSignIn;
		};
		'SENTRYSWIFTUI002' = {
			isa = XCSwiftPackageProductDependency;
			package = 037D9C3CC1A62D1C60BE7523 /* XCRemoteSwiftPackageReference "sentry-cocoa" */;
			productName = SentrySwiftUI;
		};
/* End XCSwiftPackageProductDependency section */
	};
	rootObject = E9A86A33D927851568117E31 /* Project object */;
}
